// !$*UTF8*$!
{
	archiveVersion = 1;
	classes = {
	};
	objectVersion = 50;
	objects = {

/* Begin PBXBuildFile section */
		9A207EB22274393E00C22279 /* TVMazeCommunications.swift in Sources */ = {isa = PBXBuildFile; fileRef = 9A207EB12274393E00C22279 /* TVMazeCommunications.swift */; };
		9A207EB622743AE300C22279 /* SeriesController.swift in Sources */ = {isa = PBXBuildFile; fileRef = 9A207EB522743AE300C22279 /* SeriesController.swift */; };
		9A207EDE2274F22B00C22279 /* UAT.plist in Resources */ = {isa = PBXBuildFile; fileRef = 9A207EDD2274F22B00C22279 /* UAT.plist */; };
		9A207EE02274F23500C22279 /* QA.plist in Resources */ = {isa = PBXBuildFile; fileRef = 9A207EDF2274F23500C22279 /* QA.plist */; };
		9A207EE22274F24200C22279 /* Beta.plist in Resources */ = {isa = PBXBuildFile; fileRef = 9A207EE12274F24200C22279 /* Beta.plist */; };
		9A207EE42274F24B00C22279 /* Production.plist in Resources */ = {isa = PBXBuildFile; fileRef = 9A207EE32274F24B00C22279 /* Production.plist */; };
		9A4C649922724ECF002A6A74 /* AppDelegate.swift in Sources */ = {isa = PBXBuildFile; fileRef = 9A4C649822724ECF002A6A74 /* AppDelegate.swift */; };
		9A4C649B22724ECF002A6A74 /* ViewController.swift in Sources */ = {isa = PBXBuildFile; fileRef = 9A4C649A22724ECF002A6A74 /* ViewController.swift */; };
		9A4C649E22724ECF002A6A74 /* Main.storyboard in Resources */ = {isa = PBXBuildFile; fileRef = 9A4C649C22724ECF002A6A74 /* Main.storyboard */; };
		9A4C64A022724ED0002A6A74 /* Assets.xcassets in Resources */ = {isa = PBXBuildFile; fileRef = 9A4C649F22724ED0002A6A74 /* Assets.xcassets */; };
		9A4C64A322724ED0002A6A74 /* LaunchScreen.storyboard in Resources */ = {isa = PBXBuildFile; fileRef = 9A4C64A122724ED0002A6A74 /* LaunchScreen.storyboard */; };
		9A4C64AE22724ED1002A6A74 /* JobsityChallengeTests.swift in Sources */ = {isa = PBXBuildFile; fileRef = 9A4C64AD22724ED1002A6A74 /* JobsityChallengeTests.swift */; };
		9A4C64B922724ED1002A6A74 /* JobsityChallengeUITests.swift in Sources */ = {isa = PBXBuildFile; fileRef = 9A4C64B822724ED1002A6A74 /* JobsityChallengeUITests.swift */; };
		B4D7C87A43D2FD9FD1AA308C /* Pods_JobsityChallengeTests.framework in Frameworks */ = {isa = PBXBuildFile; fileRef = 05C9C9196214F56CC94AC432 /* Pods_JobsityChallengeTests.framework */; };
		C4E77C307BB0E87ADE9B5AFB /* Pods_JobsityChallengeUITests.framework in Frameworks */ = {isa = PBXBuildFile; fileRef = E6018CA5C93660D95868FE0F /* Pods_JobsityChallengeUITests.framework */; };
		DEFD75BF7AC5ACDAD9C5E18E /* Pods_JobsityChallenge.framework in Frameworks */ = {isa = PBXBuildFile; fileRef = 3D2E30067E496220FB188DA9 /* Pods_JobsityChallenge.framework */; };
/* End PBXBuildFile section */

/* Begin PBXContainerItemProxy section */
		9A4C64AA22724ED1002A6A74 /* PBXContainerItemProxy */ = {
			isa = PBXContainerItemProxy;
			containerPortal = 9A4C648D22724ECF002A6A74 /* Project object */;
			proxyType = 1;
			remoteGlobalIDString = 9A4C649422724ECF002A6A74;
			remoteInfo = JobsityChallenge;
		};
		9A4C64B522724ED1002A6A74 /* PBXContainerItemProxy */ = {
			isa = PBXContainerItemProxy;
			containerPortal = 9A4C648D22724ECF002A6A74 /* Project object */;
			proxyType = 1;
			remoteGlobalIDString = 9A4C649422724ECF002A6A74;
			remoteInfo = JobsityChallenge;
		};
/* End PBXContainerItemProxy section */

/* Begin PBXFileReference section */
		05C9C9196214F56CC94AC432 /* Pods_JobsityChallengeTests.framework */ = {isa = PBXFileReference; explicitFileType = wrapper.framework; includeInIndex = 0; path = Pods_JobsityChallengeTests.framework; sourceTree = BUILT_PRODUCTS_DIR; };
		32CB9E227C1220601B800BD0 /* Pods-JobsityChallenge.release.xcconfig */ = {isa = PBXFileReference; includeInIndex = 1; lastKnownFileType = text.xcconfig; name = "Pods-JobsityChallenge.release.xcconfig"; path = "Target Support Files/Pods-JobsityChallenge/Pods-JobsityChallenge.release.xcconfig"; sourceTree = "<group>"; };
		39E67334089C6BB5F33A13F4 /* Pods-JobsityChallengeTests.debug.xcconfig */ = {isa = PBXFileReference; includeInIndex = 1; lastKnownFileType = text.xcconfig; name = "Pods-JobsityChallengeTests.debug.xcconfig"; path = "Target Support Files/Pods-JobsityChallengeTests/Pods-JobsityChallengeTests.debug.xcconfig"; sourceTree = "<group>"; };
		3D2E30067E496220FB188DA9 /* Pods_JobsityChallenge.framework */ = {isa = PBXFileReference; explicitFileType = wrapper.framework; includeInIndex = 0; path = Pods_JobsityChallenge.framework; sourceTree = BUILT_PRODUCTS_DIR; };
		8064F8994B98CE986FB9315C /* Pods-JobsityChallengeTests.release.xcconfig */ = {isa = PBXFileReference; includeInIndex = 1; lastKnownFileType = text.xcconfig; name = "Pods-JobsityChallengeTests.release.xcconfig"; path = "Target Support Files/Pods-JobsityChallengeTests/Pods-JobsityChallengeTests.release.xcconfig"; sourceTree = "<group>"; };
		89ABB1656561F21D5A87ACD1 /* Pods-JobsityChallengeUITests.debug.xcconfig */ = {isa = PBXFileReference; includeInIndex = 1; lastKnownFileType = text.xcconfig; name = "Pods-JobsityChallengeUITests.debug.xcconfig"; path = "Target Support Files/Pods-JobsityChallengeUITests/Pods-JobsityChallengeUITests.debug.xcconfig"; sourceTree = "<group>"; };
		9A207EB12274393E00C22279 /* TVMazeCommunications.swift */ = {isa = PBXFileReference; lastKnownFileType = sourcecode.swift; path = TVMazeCommunications.swift; sourceTree = "<group>"; };
		9A207EB522743AE300C22279 /* SeriesController.swift */ = {isa = PBXFileReference; lastKnownFileType = sourcecode.swift; path = SeriesController.swift; sourceTree = "<group>"; };
		9A207ED82274E27900C22279 /* Development.xcconfig */ = {isa = PBXFileReference; lastKnownFileType = text.xcconfig; path = Development.xcconfig; sourceTree = "<group>"; };
		9A207ED92274E28F00C22279 /* UAT.xcconfig */ = {isa = PBXFileReference; lastKnownFileType = text.xcconfig; path = UAT.xcconfig; sourceTree = "<group>"; };
		9A207EDA2274E29F00C22279 /* QA.xcconfig */ = {isa = PBXFileReference; lastKnownFileType = text.xcconfig; path = QA.xcconfig; sourceTree = "<group>"; };
		9A207EDB2274E2A900C22279 /* Beta.xcconfig */ = {isa = PBXFileReference; lastKnownFileType = text.xcconfig; path = Beta.xcconfig; sourceTree = "<group>"; };
		9A207EDC2274E2B500C22279 /* Production.xcconfig */ = {isa = PBXFileReference; lastKnownFileType = text.xcconfig; path = Production.xcconfig; sourceTree = "<group>"; };
		9A207EDD2274F22B00C22279 /* UAT.plist */ = {isa = PBXFileReference; lastKnownFileType = text.plist.xml; path = UAT.plist; sourceTree = "<group>"; };
		9A207EDF2274F23500C22279 /* QA.plist */ = {isa = PBXFileReference; lastKnownFileType = text.plist.xml; path = QA.plist; sourceTree = "<group>"; };
		9A207EE12274F24200C22279 /* Beta.plist */ = {isa = PBXFileReference; lastKnownFileType = text.plist.xml; path = Beta.plist; sourceTree = "<group>"; };
		9A207EE32274F24B00C22279 /* Production.plist */ = {isa = PBXFileReference; lastKnownFileType = text.plist.xml; path = Production.plist; sourceTree = "<group>"; };
		9A4C649522724ECF002A6A74 /* JobsityChallenge.app */ = {isa = PBXFileReference; explicitFileType = wrapper.application; includeInIndex = 0; path = JobsityChallenge.app; sourceTree = BUILT_PRODUCTS_DIR; };
		9A4C649822724ECF002A6A74 /* AppDelegate.swift */ = {isa = PBXFileReference; lastKnownFileType = sourcecode.swift; path = AppDelegate.swift; sourceTree = "<group>"; };
		9A4C649A22724ECF002A6A74 /* ViewController.swift */ = {isa = PBXFileReference; lastKnownFileType = sourcecode.swift; path = ViewController.swift; sourceTree = "<group>"; };
		9A4C649D22724ECF002A6A74 /* Base */ = {isa = PBXFileReference; lastKnownFileType = file.storyboard; name = Base; path = Base.lproj/Main.storyboard; sourceTree = "<group>"; };
		9A4C649F22724ED0002A6A74 /* Assets.xcassets */ = {isa = PBXFileReference; lastKnownFileType = folder.assetcatalog; path = Assets.xcassets; sourceTree = "<group>"; };
		9A4C64A222724ED0002A6A74 /* Base */ = {isa = PBXFileReference; lastKnownFileType = file.storyboard; name = Base; path = Base.lproj/LaunchScreen.storyboard; sourceTree = "<group>"; };
		9A4C64A422724ED0002A6A74 /* Development.plist */ = {isa = PBXFileReference; lastKnownFileType = text.plist.xml; path = Development.plist; sourceTree = "<group>"; };
		9A4C64A922724ED1002A6A74 /* JobsityChallengeTests.xctest */ = {isa = PBXFileReference; explicitFileType = wrapper.cfbundle; includeInIndex = 0; path = JobsityChallengeTests.xctest; sourceTree = BUILT_PRODUCTS_DIR; };
		9A4C64AD22724ED1002A6A74 /* JobsityChallengeTests.swift */ = {isa = PBXFileReference; lastKnownFileType = sourcecode.swift; path = JobsityChallengeTests.swift; sourceTree = "<group>"; };
		9A4C64AF22724ED1002A6A74 /* Info.plist */ = {isa = PBXFileReference; lastKnownFileType = text.plist.xml; path = Info.plist; sourceTree = "<group>"; };
		9A4C64B422724ED1002A6A74 /* JobsityChallengeUITests.xctest */ = {isa = PBXFileReference; explicitFileType = wrapper.cfbundle; includeInIndex = 0; path = JobsityChallengeUITests.xctest; sourceTree = BUILT_PRODUCTS_DIR; };
		9A4C64B822724ED1002A6A74 /* JobsityChallengeUITests.swift */ = {isa = PBXFileReference; lastKnownFileType = sourcecode.swift; path = JobsityChallengeUITests.swift; sourceTree = "<group>"; };
		9A4C64BA22724ED1002A6A74 /* Info.plist */ = {isa = PBXFileReference; lastKnownFileType = text.plist.xml; path = Info.plist; sourceTree = "<group>"; };
		AF95601084B05DBC7D760D1D /* Pods-JobsityChallengeUITests.release.xcconfig */ = {isa = PBXFileReference; includeInIndex = 1; lastKnownFileType = text.xcconfig; name = "Pods-JobsityChallengeUITests.release.xcconfig"; path = "Target Support Files/Pods-JobsityChallengeUITests/Pods-JobsityChallengeUITests.release.xcconfig"; sourceTree = "<group>"; };
		E6018CA5C93660D95868FE0F /* Pods_JobsityChallengeUITests.framework */ = {isa = PBXFileReference; explicitFileType = wrapper.framework; includeInIndex = 0; path = Pods_JobsityChallengeUITests.framework; sourceTree = BUILT_PRODUCTS_DIR; };
		F71083199EADA4A23E5164D2 /* Pods-JobsityChallenge.debug.xcconfig */ = {isa = PBXFileReference; includeInIndex = 1; lastKnownFileType = text.xcconfig; name = "Pods-JobsityChallenge.debug.xcconfig"; path = "Target Support Files/Pods-JobsityChallenge/Pods-JobsityChallenge.debug.xcconfig"; sourceTree = "<group>"; };
/* End PBXFileReference section */

/* Begin PBXFrameworksBuildPhase section */
		9A4C649222724ECF002A6A74 /* Frameworks */ = {
			isa = PBXFrameworksBuildPhase;
			buildActionMask = 2147483647;
			files = (
				DEFD75BF7AC5ACDAD9C5E18E /* Pods_JobsityChallenge.framework in Frameworks */,
			);
			runOnlyForDeploymentPostprocessing = 0;
		};
		9A4C64A622724ED1002A6A74 /* Frameworks */ = {
			isa = PBXFrameworksBuildPhase;
			buildActionMask = 2147483647;
			files = (
				B4D7C87A43D2FD9FD1AA308C /* Pods_JobsityChallengeTests.framework in Frameworks */,
			);
			runOnlyForDeploymentPostprocessing = 0;
		};
		9A4C64B122724ED1002A6A74 /* Frameworks */ = {
			isa = PBXFrameworksBuildPhase;
			buildActionMask = 2147483647;
			files = (
				C4E77C307BB0E87ADE9B5AFB /* Pods_JobsityChallengeUITests.framework in Frameworks */,
			);
			runOnlyForDeploymentPostprocessing = 0;
		};
/* End PBXFrameworksBuildPhase section */

/* Begin PBXGroup section */
		451408DF624845F95B284940 /* Frameworks */ = {
			isa = PBXGroup;
			children = (
				3D2E30067E496220FB188DA9 /* Pods_JobsityChallenge.framework */,
				05C9C9196214F56CC94AC432 /* Pods_JobsityChallengeTests.framework */,
				E6018CA5C93660D95868FE0F /* Pods_JobsityChallengeUITests.framework */,
			);
			name = Frameworks;
			sourceTree = "<group>";
		};
		9A207EAF2274391600C22279 /* Models */ = {
			isa = PBXGroup;
			children = (
				9A207EB02274391B00C22279 /* TVMaze */,
			);
			path = Models;
			sourceTree = "<group>";
		};
		9A207EB02274391B00C22279 /* TVMaze */ = {
			isa = PBXGroup;
			children = (
				9A207EB12274393E00C22279 /* TVMazeCommunications.swift */,
			);
			path = TVMaze;
			sourceTree = "<group>";
		};
		9A207EB322743AC300C22279 /* Scenes */ = {
			isa = PBXGroup;
			children = (
				9A207EB422743ACC00C22279 /* Series */,
			);
			path = Scenes;
			sourceTree = "<group>";
		};
		9A207EB422743ACC00C22279 /* Series */ = {
			isa = PBXGroup;
			children = (
				9A207EB522743AE300C22279 /* SeriesController.swift */,
			);
			path = Series;
			sourceTree = "<group>";
		};
		9A207ED72274E25600C22279 /* Configuration */ = {
			isa = PBXGroup;
			children = (
				9A207ED82274E27900C22279 /* Development.xcconfig */,
				9A207ED92274E28F00C22279 /* UAT.xcconfig */,
				9A207EDA2274E29F00C22279 /* QA.xcconfig */,
				9A207EDB2274E2A900C22279 /* Beta.xcconfig */,
				9A207EDC2274E2B500C22279 /* Production.xcconfig */,
			);
			path = Configuration;
			sourceTree = "<group>";
		};
		9A4C648C22724ECF002A6A74 = {
			isa = PBXGroup;
			children = (
				9A4C649722724ECF002A6A74 /* JobsityChallenge */,
				9A4C64AC22724ED1002A6A74 /* JobsityChallengeTests */,
				9A4C64B722724ED1002A6A74 /* JobsityChallengeUITests */,
				9A4C649622724ECF002A6A74 /* Products */,
				F183E5100BFF02FC011783D3 /* Pods */,
				451408DF624845F95B284940 /* Frameworks */,
			);
			sourceTree = "<group>";
		};
		9A4C649622724ECF002A6A74 /* Products */ = {
			isa = PBXGroup;
			children = (
				9A4C649522724ECF002A6A74 /* JobsityChallenge.app */,
				9A4C64A922724ED1002A6A74 /* JobsityChallengeTests.xctest */,
				9A4C64B422724ED1002A6A74 /* JobsityChallengeUITests.xctest */,
			);
			name = Products;
			sourceTree = "<group>";
		};
		9A4C649722724ECF002A6A74 /* JobsityChallenge */ = {
			isa = PBXGroup;
			children = (
				9A207ED72274E25600C22279 /* Configuration */,
				9A207EB322743AC300C22279 /* Scenes */,
				9A207EAF2274391600C22279 /* Models */,
				9A4C649822724ECF002A6A74 /* AppDelegate.swift */,
				9A4C649A22724ECF002A6A74 /* ViewController.swift */,
				9A4C649C22724ECF002A6A74 /* Main.storyboard */,
				9A4C649F22724ED0002A6A74 /* Assets.xcassets */,
				9A4C64A122724ED0002A6A74 /* LaunchScreen.storyboard */,
				9A207EE12274F24200C22279 /* Beta.plist */,
				9A207EE32274F24B00C22279 /* Production.plist */,
				9A4C64A422724ED0002A6A74 /* Development.plist */,
				9A207EDF2274F23500C22279 /* QA.plist */,
				9A207EDD2274F22B00C22279 /* UAT.plist */,
			);
			path = JobsityChallenge;
			sourceTree = "<group>";
		};
		9A4C64AC22724ED1002A6A74 /* JobsityChallengeTests */ = {
			isa = PBXGroup;
			children = (
				9A4C64AD22724ED1002A6A74 /* JobsityChallengeTests.swift */,
				9A4C64AF22724ED1002A6A74 /* Info.plist */,
			);
			path = JobsityChallengeTests;
			sourceTree = "<group>";
		};
		9A4C64B722724ED1002A6A74 /* JobsityChallengeUITests */ = {
			isa = PBXGroup;
			children = (
				9A4C64B822724ED1002A6A74 /* JobsityChallengeUITests.swift */,
				9A4C64BA22724ED1002A6A74 /* Info.plist */,
			);
			path = JobsityChallengeUITests;
			sourceTree = "<group>";
		};
		F183E5100BFF02FC011783D3 /* Pods */ = {
			isa = PBXGroup;
			children = (
				F71083199EADA4A23E5164D2 /* Pods-JobsityChallenge.debug.xcconfig */,
				32CB9E227C1220601B800BD0 /* Pods-JobsityChallenge.release.xcconfig */,
				39E67334089C6BB5F33A13F4 /* Pods-JobsityChallengeTests.debug.xcconfig */,
				8064F8994B98CE986FB9315C /* Pods-JobsityChallengeTests.release.xcconfig */,
				89ABB1656561F21D5A87ACD1 /* Pods-JobsityChallengeUITests.debug.xcconfig */,
				AF95601084B05DBC7D760D1D /* Pods-JobsityChallengeUITests.release.xcconfig */,
			);
			path = Pods;
			sourceTree = "<group>";
		};
/* End PBXGroup section */

/* Begin PBXNativeTarget section */
		9A4C649422724ECF002A6A74 /* JobsityChallenge */ = {
			isa = PBXNativeTarget;
			buildConfigurationList = 9A4C64BD22724ED1002A6A74 /* Build configuration list for PBXNativeTarget "JobsityChallenge" */;
			buildPhases = (
				919EABBA5BEFF61DCF627B8D /* [CP] Check Pods Manifest.lock */,
				9A4C649122724ECF002A6A74 /* Sources */,
				9A4C649222724ECF002A6A74 /* Frameworks */,
				9A4C649322724ECF002A6A74 /* Resources */,
				B922F67D91106931936351C9 /* [CP] Embed Pods Frameworks */,
			);
			buildRules = (
			);
			dependencies = (
			);
			name = JobsityChallenge;
			productName = JobsityChallenge;
			productReference = 9A4C649522724ECF002A6A74 /* JobsityChallenge.app */;
			productType = "com.apple.product-type.application";
		};
		9A4C64A822724ED1002A6A74 /* JobsityChallengeTests */ = {
			isa = PBXNativeTarget;
			buildConfigurationList = 9A4C64C022724ED1002A6A74 /* Build configuration list for PBXNativeTarget "JobsityChallengeTests" */;
			buildPhases = (
				A33B1C7C67CDC42637E52A94 /* [CP] Check Pods Manifest.lock */,
				9A4C64A522724ED1002A6A74 /* Sources */,
				9A4C64A622724ED1002A6A74 /* Frameworks */,
				9A4C64A722724ED1002A6A74 /* Resources */,
			);
			buildRules = (
			);
			dependencies = (
				9A4C64AB22724ED1002A6A74 /* PBXTargetDependency */,
			);
			name = JobsityChallengeTests;
			productName = JobsityChallengeTests;
			productReference = 9A4C64A922724ED1002A6A74 /* JobsityChallengeTests.xctest */;
			productType = "com.apple.product-type.bundle.unit-test";
		};
		9A4C64B322724ED1002A6A74 /* JobsityChallengeUITests */ = {
			isa = PBXNativeTarget;
			buildConfigurationList = 9A4C64C322724ED1002A6A74 /* Build configuration list for PBXNativeTarget "JobsityChallengeUITests" */;
			buildPhases = (
				A94216C1C204DA94BB2EF70A /* [CP] Check Pods Manifest.lock */,
				9A4C64B022724ED1002A6A74 /* Sources */,
				9A4C64B122724ED1002A6A74 /* Frameworks */,
				9A4C64B222724ED1002A6A74 /* Resources */,
			);
			buildRules = (
			);
			dependencies = (
				9A4C64B622724ED1002A6A74 /* PBXTargetDependency */,
			);
			name = JobsityChallengeUITests;
			productName = JobsityChallengeUITests;
			productReference = 9A4C64B422724ED1002A6A74 /* JobsityChallengeUITests.xctest */;
			productType = "com.apple.product-type.bundle.ui-testing";
		};
/* End PBXNativeTarget section */

/* Begin PBXProject section */
		9A4C648D22724ECF002A6A74 /* Project object */ = {
			isa = PBXProject;
			attributes = {
				LastSwiftUpdateCheck = 1020;
				LastUpgradeCheck = 1020;
				ORGANIZATIONNAME = "Ronny Libardo Bustos Jiménez";
				TargetAttributes = {
					9A4C649422724ECF002A6A74 = {
						CreatedOnToolsVersion = 10.2;
					};
					9A4C64A822724ED1002A6A74 = {
						CreatedOnToolsVersion = 10.2;
						TestTargetID = 9A4C649422724ECF002A6A74;
					};
					9A4C64B322724ED1002A6A74 = {
						CreatedOnToolsVersion = 10.2;
						TestTargetID = 9A4C649422724ECF002A6A74;
					};
				};
			};
			buildConfigurationList = 9A4C649022724ECF002A6A74 /* Build configuration list for PBXProject "JobsityChallenge" */;
			compatibilityVersion = "Xcode 9.3";
			developmentRegion = en;
			hasScannedForEncodings = 0;
			knownRegions = (
				en,
				Base,
			);
			mainGroup = 9A4C648C22724ECF002A6A74;
			productRefGroup = 9A4C649622724ECF002A6A74 /* Products */;
			projectDirPath = "";
			projectRoot = "";
			targets = (
				9A4C649422724ECF002A6A74 /* JobsityChallenge */,
				9A4C64A822724ED1002A6A74 /* JobsityChallengeTests */,
				9A4C64B322724ED1002A6A74 /* JobsityChallengeUITests */,
			);
		};
/* End PBXProject section */

/* Begin PBXResourcesBuildPhase section */
		9A4C649322724ECF002A6A74 /* Resources */ = {
			isa = PBXResourcesBuildPhase;
			buildActionMask = 2147483647;
			files = (
				9A4C64A322724ED0002A6A74 /* LaunchScreen.storyboard in Resources */,
				9A207EDE2274F22B00C22279 /* UAT.plist in Resources */,
				9A207EE22274F24200C22279 /* Beta.plist in Resources */,
				9A4C64A022724ED0002A6A74 /* Assets.xcassets in Resources */,
				9A4C649E22724ECF002A6A74 /* Main.storyboard in Resources */,
				9A207EE42274F24B00C22279 /* Production.plist in Resources */,
				9A207EE02274F23500C22279 /* QA.plist in Resources */,
			);
			runOnlyForDeploymentPostprocessing = 0;
		};
		9A4C64A722724ED1002A6A74 /* Resources */ = {
			isa = PBXResourcesBuildPhase;
			buildActionMask = 2147483647;
			files = (
			);
			runOnlyForDeploymentPostprocessing = 0;
		};
		9A4C64B222724ED1002A6A74 /* Resources */ = {
			isa = PBXResourcesBuildPhase;
			buildActionMask = 2147483647;
			files = (
			);
			runOnlyForDeploymentPostprocessing = 0;
		};
/* End PBXResourcesBuildPhase section */

/* Begin PBXShellScriptBuildPhase section */
		919EABBA5BEFF61DCF627B8D /* [CP] Check Pods Manifest.lock */ = {
			isa = PBXShellScriptBuildPhase;
			buildActionMask = 2147483647;
			files = (
			);
			inputFileListPaths = (
			);
			inputPaths = (
				"${PODS_PODFILE_DIR_PATH}/Podfile.lock",
				"${PODS_ROOT}/Manifest.lock",
			);
			name = "[CP] Check Pods Manifest.lock";
			outputFileListPaths = (
			);
			outputPaths = (
				"$(DERIVED_FILE_DIR)/Pods-JobsityChallenge-checkManifestLockResult.txt",
			);
			runOnlyForDeploymentPostprocessing = 0;
			shellPath = /bin/sh;
			shellScript = "diff \"${PODS_PODFILE_DIR_PATH}/Podfile.lock\" \"${PODS_ROOT}/Manifest.lock\" > /dev/null\nif [ $? != 0 ] ; then\n    # print error to STDERR\n    echo \"error: The sandbox is not in sync with the Podfile.lock. Run 'pod install' or update your CocoaPods installation.\" >&2\n    exit 1\nfi\n# This output is used by Xcode 'outputs' to avoid re-running this script phase.\necho \"SUCCESS\" > \"${SCRIPT_OUTPUT_FILE_0}\"\n";
			showEnvVarsInLog = 0;
		};
		A33B1C7C67CDC42637E52A94 /* [CP] Check Pods Manifest.lock */ = {
			isa = PBXShellScriptBuildPhase;
			buildActionMask = 2147483647;
			files = (
			);
			inputFileListPaths = (
			);
			inputPaths = (
				"${PODS_PODFILE_DIR_PATH}/Podfile.lock",
				"${PODS_ROOT}/Manifest.lock",
			);
			name = "[CP] Check Pods Manifest.lock";
			outputFileListPaths = (
			);
			outputPaths = (
				"$(DERIVED_FILE_DIR)/Pods-JobsityChallengeTests-checkManifestLockResult.txt",
			);
			runOnlyForDeploymentPostprocessing = 0;
			shellPath = /bin/sh;
			shellScript = "diff \"${PODS_PODFILE_DIR_PATH}/Podfile.lock\" \"${PODS_ROOT}/Manifest.lock\" > /dev/null\nif [ $? != 0 ] ; then\n    # print error to STDERR\n    echo \"error: The sandbox is not in sync with the Podfile.lock. Run 'pod install' or update your CocoaPods installation.\" >&2\n    exit 1\nfi\n# This output is used by Xcode 'outputs' to avoid re-running this script phase.\necho \"SUCCESS\" > \"${SCRIPT_OUTPUT_FILE_0}\"\n";
			showEnvVarsInLog = 0;
		};
		A94216C1C204DA94BB2EF70A /* [CP] Check Pods Manifest.lock */ = {
			isa = PBXShellScriptBuildPhase;
			buildActionMask = 2147483647;
			files = (
			);
			inputFileListPaths = (
			);
			inputPaths = (
				"${PODS_PODFILE_DIR_PATH}/Podfile.lock",
				"${PODS_ROOT}/Manifest.lock",
			);
			name = "[CP] Check Pods Manifest.lock";
			outputFileListPaths = (
			);
			outputPaths = (
				"$(DERIVED_FILE_DIR)/Pods-JobsityChallengeUITests-checkManifestLockResult.txt",
			);
			runOnlyForDeploymentPostprocessing = 0;
			shellPath = /bin/sh;
			shellScript = "diff \"${PODS_PODFILE_DIR_PATH}/Podfile.lock\" \"${PODS_ROOT}/Manifest.lock\" > /dev/null\nif [ $? != 0 ] ; then\n    # print error to STDERR\n    echo \"error: The sandbox is not in sync with the Podfile.lock. Run 'pod install' or update your CocoaPods installation.\" >&2\n    exit 1\nfi\n# This output is used by Xcode 'outputs' to avoid re-running this script phase.\necho \"SUCCESS\" > \"${SCRIPT_OUTPUT_FILE_0}\"\n";
			showEnvVarsInLog = 0;
		};
		B922F67D91106931936351C9 /* [CP] Embed Pods Frameworks */ = {
			isa = PBXShellScriptBuildPhase;
			buildActionMask = 2147483647;
			files = (
			);
			inputFileListPaths = (
			);
			inputPaths = (
				"${PODS_ROOT}/Target Support Files/Pods-JobsityChallenge/Pods-JobsityChallenge-frameworks.sh",
				"${BUILT_PRODUCTS_DIR}/Alamofire/Alamofire.framework",
				"${BUILT_PRODUCTS_DIR}/RxCocoa/RxCocoa.framework",
				"${BUILT_PRODUCTS_DIR}/RxSwift/RxSwift.framework",
			);
			name = "[CP] Embed Pods Frameworks";
			outputFileListPaths = (
			);
			outputPaths = (
				"${TARGET_BUILD_DIR}/${FRAMEWORKS_FOLDER_PATH}/Alamofire.framework",
				"${TARGET_BUILD_DIR}/${FRAMEWORKS_FOLDER_PATH}/RxCocoa.framework",
				"${TARGET_BUILD_DIR}/${FRAMEWORKS_FOLDER_PATH}/RxSwift.framework",
			);
			runOnlyForDeploymentPostprocessing = 0;
			shellPath = /bin/sh;
			shellScript = "\"${PODS_ROOT}/Target Support Files/Pods-JobsityChallenge/Pods-JobsityChallenge-frameworks.sh\"\n";
			showEnvVarsInLog = 0;
		};
/* End PBXShellScriptBuildPhase section */

/* Begin PBXSourcesBuildPhase section */
		9A4C649122724ECF002A6A74 /* Sources */ = {
			isa = PBXSourcesBuildPhase;
			buildActionMask = 2147483647;
			files = (
				9A207EB622743AE300C22279 /* SeriesController.swift in Sources */,
				9A4C649B22724ECF002A6A74 /* ViewController.swift in Sources */,
				9A207EB22274393E00C22279 /* TVMazeCommunications.swift in Sources */,
				9A4C649922724ECF002A6A74 /* AppDelegate.swift in Sources */,
			);
			runOnlyForDeploymentPostprocessing = 0;
		};
		9A4C64A522724ED1002A6A74 /* Sources */ = {
			isa = PBXSourcesBuildPhase;
			buildActionMask = 2147483647;
			files = (
				9A4C64AE22724ED1002A6A74 /* JobsityChallengeTests.swift in Sources */,
			);
			runOnlyForDeploymentPostprocessing = 0;
		};
		9A4C64B022724ED1002A6A74 /* Sources */ = {
			isa = PBXSourcesBuildPhase;
			buildActionMask = 2147483647;
			files = (
				9A4C64B922724ED1002A6A74 /* JobsityChallengeUITests.swift in Sources */,
			);
			runOnlyForDeploymentPostprocessing = 0;
		};
/* End PBXSourcesBuildPhase section */

/* Begin PBXTargetDependency section */
		9A4C64AB22724ED1002A6A74 /* PBXTargetDependency */ = {
			isa = PBXTargetDependency;
			target = 9A4C649422724ECF002A6A74 /* JobsityChallenge */;
			targetProxy = 9A4C64AA22724ED1002A6A74 /* PBXContainerItemProxy */;
		};
		9A4C64B622724ED1002A6A74 /* PBXTargetDependency */ = {
			isa = PBXTargetDependency;
			target = 9A4C649422724ECF002A6A74 /* JobsityChallenge */;
			targetProxy = 9A4C64B522724ED1002A6A74 /* PBXContainerItemProxy */;
		};
/* End PBXTargetDependency section */

/* Begin PBXVariantGroup section */
		9A4C649C22724ECF002A6A74 /* Main.storyboard */ = {
			isa = PBXVariantGroup;
			children = (
				9A4C649D22724ECF002A6A74 /* Base */,
			);
			name = Main.storyboard;
			sourceTree = "<group>";
		};
		9A4C64A122724ED0002A6A74 /* LaunchScreen.storyboard */ = {
			isa = PBXVariantGroup;
			children = (
				9A4C64A222724ED0002A6A74 /* Base */,
			);
			name = LaunchScreen.storyboard;
			sourceTree = "<group>";
		};
/* End PBXVariantGroup section */

/* Begin XCBuildConfiguration section */
		9A207EB722743C3800C22279 /* Debug (Production) */ = {
			isa = XCBuildConfiguration;
			buildSettings = {
				ALWAYS_SEARCH_USER_PATHS = NO;
				CLANG_ANALYZER_NONNULL = YES;
				CLANG_ANALYZER_NUMBER_OBJECT_CONVERSION = YES_AGGRESSIVE;
				CLANG_CXX_LANGUAGE_STANDARD = "gnu++14";
				CLANG_CXX_LIBRARY = "libc++";
				CLANG_ENABLE_MODULES = YES;
				CLANG_ENABLE_OBJC_ARC = YES;
				CLANG_ENABLE_OBJC_WEAK = YES;
				CLANG_WARN_BLOCK_CAPTURE_AUTORELEASING = YES;
				CLANG_WARN_BOOL_CONVERSION = YES;
				CLANG_WARN_COMMA = YES;
				CLANG_WARN_CONSTANT_CONVERSION = YES;
				CLANG_WARN_DEPRECATED_OBJC_IMPLEMENTATIONS = YES;
				CLANG_WARN_DIRECT_OBJC_ISA_USAGE = YES_ERROR;
				CLANG_WARN_DOCUMENTATION_COMMENTS = YES;
				CLANG_WARN_EMPTY_BODY = YES;
				CLANG_WARN_ENUM_CONVERSION = YES;
				CLANG_WARN_INFINITE_RECURSION = YES;
				CLANG_WARN_INT_CONVERSION = YES;
				CLANG_WARN_NON_LITERAL_NULL_CONVERSION = YES;
				CLANG_WARN_OBJC_IMPLICIT_RETAIN_SELF = YES;
				CLANG_WARN_OBJC_LITERAL_CONVERSION = YES;
				CLANG_WARN_OBJC_ROOT_CLASS = YES_ERROR;
				CLANG_WARN_RANGE_LOOP_ANALYSIS = YES;
				CLANG_WARN_STRICT_PROTOTYPES = YES;
				CLANG_WARN_SUSPICIOUS_MOVE = YES;
				CLANG_WARN_UNGUARDED_AVAILABILITY = YES_AGGRESSIVE;
				CLANG_WARN_UNREACHABLE_CODE = YES;
				CLANG_WARN__DUPLICATE_METHOD_MATCH = YES;
				CODE_SIGN_IDENTITY = "iPhone Developer";
				COPY_PHASE_STRIP = NO;
				DEBUG_INFORMATION_FORMAT = dwarf;
				ENABLE_STRICT_OBJC_MSGSEND = YES;
				ENABLE_TESTABILITY = YES;
				GCC_C_LANGUAGE_STANDARD = gnu11;
				GCC_DYNAMIC_NO_PIC = NO;
				GCC_NO_COMMON_BLOCKS = YES;
				GCC_OPTIMIZATION_LEVEL = 0;
				GCC_PREPROCESSOR_DEFINITIONS = (
					"DEBUG=1",
					"$(inherited)",
				);
				GCC_WARN_64_TO_32_BIT_CONVERSION = YES;
				GCC_WARN_ABOUT_RETURN_TYPE = YES_ERROR;
				GCC_WARN_UNDECLARED_SELECTOR = YES;
				GCC_WARN_UNINITIALIZED_AUTOS = YES_AGGRESSIVE;
				GCC_WARN_UNUSED_FUNCTION = YES;
				GCC_WARN_UNUSED_VARIABLE = YES;
				IPHONEOS_DEPLOYMENT_TARGET = 12.2;
				MTL_ENABLE_DEBUG_INFO = INCLUDE_SOURCE;
				MTL_FAST_MATH = YES;
				ONLY_ACTIVE_ARCH = YES;
				SDKROOT = iphoneos;
				SWIFT_ACTIVE_COMPILATION_CONDITIONS = DEBUG;
				SWIFT_OPTIMIZATION_LEVEL = "-Onone";
			};
			name = "Debug (Production)";
		};
		9A207EB822743C3800C22279 /* Debug (Production) */ = {
			isa = XCBuildConfiguration;
			baseConfigurationReference = F71083199EADA4A23E5164D2 /* Pods-JobsityChallenge.debug.xcconfig */;
			buildSettings = {
				ASSETCATALOG_COMPILER_APPICON_NAME = AppIcon;
				CODE_SIGN_STYLE = Automatic;
				DEVELOPMENT_TEAM = 9AM9Q2LU3N;
				INFOPLIST_FILE = JobsityChallenge/Production.plist;
				LD_RUNPATH_SEARCH_PATHS = (
					"$(inherited)",
					"@executable_path/Frameworks",
				);
				PRODUCT_BUNDLE_IDENTIFIER = com.rolibardobji.JobsityChallenge;
				PRODUCT_NAME = "$(TARGET_NAME)";
				SWIFT_VERSION = 5.0;
				TARGETED_DEVICE_FAMILY = "1,2";
			};
			name = "Debug (Production)";
		};
		9A207EB922743C3800C22279 /* Debug (Production) */ = {
			isa = XCBuildConfiguration;
			baseConfigurationReference = 39E67334089C6BB5F33A13F4 /* Pods-JobsityChallengeTests.debug.xcconfig */;
			buildSettings = {
				ALWAYS_EMBED_SWIFT_STANDARD_LIBRARIES = YES;
				BUNDLE_LOADER = "$(TEST_HOST)";
				CODE_SIGN_STYLE = Automatic;
				DEVELOPMENT_TEAM = 9AM9Q2LU3N;
				INFOPLIST_FILE = JobsityChallenge/Production.plist;
				LD_RUNPATH_SEARCH_PATHS = (
					"$(inherited)",
					"@executable_path/Frameworks",
					"@loader_path/Frameworks",
				);
				PRODUCT_BUNDLE_IDENTIFIER = com.rolibardobji.JobsityChallengeTests;
				PRODUCT_NAME = "$(TARGET_NAME)";
				SWIFT_VERSION = 5.0;
				TARGETED_DEVICE_FAMILY = "1,2";
				TEST_HOST = "$(BUILT_PRODUCTS_DIR)/JobsityChallenge.app/JobsityChallenge";
			};
			name = "Debug (Production)";
		};
		9A207EBA22743C3800C22279 /* Debug (Production) */ = {
			isa = XCBuildConfiguration;
			baseConfigurationReference = 89ABB1656561F21D5A87ACD1 /* Pods-JobsityChallengeUITests.debug.xcconfig */;
			buildSettings = {
				ALWAYS_EMBED_SWIFT_STANDARD_LIBRARIES = YES;
				CODE_SIGN_STYLE = Automatic;
				DEVELOPMENT_TEAM = 9AM9Q2LU3N;
				INFOPLIST_FILE = JobsityChallenge/Production.plist;
				LD_RUNPATH_SEARCH_PATHS = (
					"$(inherited)",
					"@executable_path/Frameworks",
					"@loader_path/Frameworks",
				);
				PRODUCT_BUNDLE_IDENTIFIER = com.rolibardobji.JobsityChallengeUITests;
				PRODUCT_NAME = "$(TARGET_NAME)";
				SWIFT_VERSION = 5.0;
				TARGETED_DEVICE_FAMILY = "1,2";
				TEST_TARGET_NAME = JobsityChallenge;
			};
			name = "Debug (Production)";
		};
		9A207EBB22743C3B00C22279 /* Debug (Beta) */ = {
			isa = XCBuildConfiguration;
			buildSettings = {
				ALWAYS_SEARCH_USER_PATHS = NO;
				CLANG_ANALYZER_NONNULL = YES;
				CLANG_ANALYZER_NUMBER_OBJECT_CONVERSION = YES_AGGRESSIVE;
				CLANG_CXX_LANGUAGE_STANDARD = "gnu++14";
				CLANG_CXX_LIBRARY = "libc++";
				CLANG_ENABLE_MODULES = YES;
				CLANG_ENABLE_OBJC_ARC = YES;
				CLANG_ENABLE_OBJC_WEAK = YES;
				CLANG_WARN_BLOCK_CAPTURE_AUTORELEASING = YES;
				CLANG_WARN_BOOL_CONVERSION = YES;
				CLANG_WARN_COMMA = YES;
				CLANG_WARN_CONSTANT_CONVERSION = YES;
				CLANG_WARN_DEPRECATED_OBJC_IMPLEMENTATIONS = YES;
				CLANG_WARN_DIRECT_OBJC_ISA_USAGE = YES_ERROR;
				CLANG_WARN_DOCUMENTATION_COMMENTS = YES;
				CLANG_WARN_EMPTY_BODY = YES;
				CLANG_WARN_ENUM_CONVERSION = YES;
				CLANG_WARN_INFINITE_RECURSION = YES;
				CLANG_WARN_INT_CONVERSION = YES;
				CLANG_WARN_NON_LITERAL_NULL_CONVERSION = YES;
				CLANG_WARN_OBJC_IMPLICIT_RETAIN_SELF = YES;
				CLANG_WARN_OBJC_LITERAL_CONVERSION = YES;
				CLANG_WARN_OBJC_ROOT_CLASS = YES_ERROR;
				CLANG_WARN_RANGE_LOOP_ANALYSIS = YES;
				CLANG_WARN_STRICT_PROTOTYPES = YES;
				CLANG_WARN_SUSPICIOUS_MOVE = YES;
				CLANG_WARN_UNGUARDED_AVAILABILITY = YES_AGGRESSIVE;
				CLANG_WARN_UNREACHABLE_CODE = YES;
				CLANG_WARN__DUPLICATE_METHOD_MATCH = YES;
				CODE_SIGN_IDENTITY = "iPhone Developer";
				COPY_PHASE_STRIP = NO;
				DEBUG_INFORMATION_FORMAT = dwarf;
				ENABLE_STRICT_OBJC_MSGSEND = YES;
				ENABLE_TESTABILITY = YES;
				GCC_C_LANGUAGE_STANDARD = gnu11;
				GCC_DYNAMIC_NO_PIC = NO;
				GCC_NO_COMMON_BLOCKS = YES;
				GCC_OPTIMIZATION_LEVEL = 0;
				GCC_PREPROCESSOR_DEFINITIONS = (
					"DEBUG=1",
					"$(inherited)",
				);
				GCC_WARN_64_TO_32_BIT_CONVERSION = YES;
				GCC_WARN_ABOUT_RETURN_TYPE = YES_ERROR;
				GCC_WARN_UNDECLARED_SELECTOR = YES;
				GCC_WARN_UNINITIALIZED_AUTOS = YES_AGGRESSIVE;
				GCC_WARN_UNUSED_FUNCTION = YES;
				GCC_WARN_UNUSED_VARIABLE = YES;
				IPHONEOS_DEPLOYMENT_TARGET = 12.2;
				MTL_ENABLE_DEBUG_INFO = INCLUDE_SOURCE;
				MTL_FAST_MATH = YES;
				ONLY_ACTIVE_ARCH = YES;
				SDKROOT = iphoneos;
				SWIFT_ACTIVE_COMPILATION_CONDITIONS = DEBUG;
				SWIFT_OPTIMIZATION_LEVEL = "-Onone";
			};
			name = "Debug (Beta)";
		};
		9A207EBC22743C3B00C22279 /* Debug (Beta) */ = {
			isa = XCBuildConfiguration;
			baseConfigurationReference = F71083199EADA4A23E5164D2 /* Pods-JobsityChallenge.debug.xcconfig */;
			buildSettings = {
				ASSETCATALOG_COMPILER_APPICON_NAME = AppIcon;
				CODE_SIGN_STYLE = Automatic;
				DEVELOPMENT_TEAM = 9AM9Q2LU3N;
				INFOPLIST_FILE = JobsityChallenge/Beta.plist;
				LD_RUNPATH_SEARCH_PATHS = (
					"$(inherited)",
					"@executable_path/Frameworks",
				);
				PRODUCT_BUNDLE_IDENTIFIER = com.rolibardobji.JobsityChallenge;
				PRODUCT_NAME = "$(TARGET_NAME)";
				SWIFT_VERSION = 5.0;
				TARGETED_DEVICE_FAMILY = "1,2";
			};
			name = "Debug (Beta)";
		};
		9A207EBD22743C3B00C22279 /* Debug (Beta) */ = {
			isa = XCBuildConfiguration;
			baseConfigurationReference = 39E67334089C6BB5F33A13F4 /* Pods-JobsityChallengeTests.debug.xcconfig */;
			buildSettings = {
				ALWAYS_EMBED_SWIFT_STANDARD_LIBRARIES = YES;
				BUNDLE_LOADER = "$(TEST_HOST)";
				CODE_SIGN_STYLE = Automatic;
				DEVELOPMENT_TEAM = 9AM9Q2LU3N;
				INFOPLIST_FILE = JobsityChallenge/Beta.plist;
				LD_RUNPATH_SEARCH_PATHS = (
					"$(inherited)",
					"@executable_path/Frameworks",
					"@loader_path/Frameworks",
				);
				PRODUCT_BUNDLE_IDENTIFIER = com.rolibardobji.JobsityChallengeTests;
				PRODUCT_NAME = "$(TARGET_NAME)";
				SWIFT_VERSION = 5.0;
				TARGETED_DEVICE_FAMILY = "1,2";
				TEST_HOST = "$(BUILT_PRODUCTS_DIR)/JobsityChallenge.app/JobsityChallenge";
			};
			name = "Debug (Beta)";
		};
		9A207EBE22743C3B00C22279 /* Debug (Beta) */ = {
			isa = XCBuildConfiguration;
			baseConfigurationReference = 89ABB1656561F21D5A87ACD1 /* Pods-JobsityChallengeUITests.debug.xcconfig */;
			buildSettings = {
				ALWAYS_EMBED_SWIFT_STANDARD_LIBRARIES = YES;
				CODE_SIGN_STYLE = Automatic;
				DEVELOPMENT_TEAM = 9AM9Q2LU3N;
				INFOPLIST_FILE = JobsityChallenge/Beta.plist;
				LD_RUNPATH_SEARCH_PATHS = (
					"$(inherited)",
					"@executable_path/Frameworks",
					"@loader_path/Frameworks",
				);
				PRODUCT_BUNDLE_IDENTIFIER = com.rolibardobji.JobsityChallengeUITests;
				PRODUCT_NAME = "$(TARGET_NAME)";
				SWIFT_VERSION = 5.0;
				TARGETED_DEVICE_FAMILY = "1,2";
				TEST_TARGET_NAME = JobsityChallenge;
			};
			name = "Debug (Beta)";
		};
		9A207EBF22743C3D00C22279 /* Debug (QA) */ = {
			isa = XCBuildConfiguration;
			buildSettings = {
				ALWAYS_SEARCH_USER_PATHS = NO;
				CLANG_ANALYZER_NONNULL = YES;
				CLANG_ANALYZER_NUMBER_OBJECT_CONVERSION = YES_AGGRESSIVE;
				CLANG_CXX_LANGUAGE_STANDARD = "gnu++14";
				CLANG_CXX_LIBRARY = "libc++";
				CLANG_ENABLE_MODULES = YES;
				CLANG_ENABLE_OBJC_ARC = YES;
				CLANG_ENABLE_OBJC_WEAK = YES;
				CLANG_WARN_BLOCK_CAPTURE_AUTORELEASING = YES;
				CLANG_WARN_BOOL_CONVERSION = YES;
				CLANG_WARN_COMMA = YES;
				CLANG_WARN_CONSTANT_CONVERSION = YES;
				CLANG_WARN_DEPRECATED_OBJC_IMPLEMENTATIONS = YES;
				CLANG_WARN_DIRECT_OBJC_ISA_USAGE = YES_ERROR;
				CLANG_WARN_DOCUMENTATION_COMMENTS = YES;
				CLANG_WARN_EMPTY_BODY = YES;
				CLANG_WARN_ENUM_CONVERSION = YES;
				CLANG_WARN_INFINITE_RECURSION = YES;
				CLANG_WARN_INT_CONVERSION = YES;
				CLANG_WARN_NON_LITERAL_NULL_CONVERSION = YES;
				CLANG_WARN_OBJC_IMPLICIT_RETAIN_SELF = YES;
				CLANG_WARN_OBJC_LITERAL_CONVERSION = YES;
				CLANG_WARN_OBJC_ROOT_CLASS = YES_ERROR;
				CLANG_WARN_RANGE_LOOP_ANALYSIS = YES;
				CLANG_WARN_STRICT_PROTOTYPES = YES;
				CLANG_WARN_SUSPICIOUS_MOVE = YES;
				CLANG_WARN_UNGUARDED_AVAILABILITY = YES_AGGRESSIVE;
				CLANG_WARN_UNREACHABLE_CODE = YES;
				CLANG_WARN__DUPLICATE_METHOD_MATCH = YES;
				CODE_SIGN_IDENTITY = "iPhone Developer";
				COPY_PHASE_STRIP = NO;
				DEBUG_INFORMATION_FORMAT = dwarf;
				ENABLE_STRICT_OBJC_MSGSEND = YES;
				ENABLE_TESTABILITY = YES;
				GCC_C_LANGUAGE_STANDARD = gnu11;
				GCC_DYNAMIC_NO_PIC = NO;
				GCC_NO_COMMON_BLOCKS = YES;
				GCC_OPTIMIZATION_LEVEL = 0;
				GCC_PREPROCESSOR_DEFINITIONS = (
					"DEBUG=1",
					"$(inherited)",
				);
				GCC_WARN_64_TO_32_BIT_CONVERSION = YES;
				GCC_WARN_ABOUT_RETURN_TYPE = YES_ERROR;
				GCC_WARN_UNDECLARED_SELECTOR = YES;
				GCC_WARN_UNINITIALIZED_AUTOS = YES_AGGRESSIVE;
				GCC_WARN_UNUSED_FUNCTION = YES;
				GCC_WARN_UNUSED_VARIABLE = YES;
				IPHONEOS_DEPLOYMENT_TARGET = 12.2;
				MTL_ENABLE_DEBUG_INFO = INCLUDE_SOURCE;
				MTL_FAST_MATH = YES;
				ONLY_ACTIVE_ARCH = YES;
				SDKROOT = iphoneos;
				SWIFT_ACTIVE_COMPILATION_CONDITIONS = DEBUG;
				SWIFT_OPTIMIZATION_LEVEL = "-Onone";
			};
			name = "Debug (QA)";
		};
		9A207EC022743C3D00C22279 /* Debug (QA) */ = {
			isa = XCBuildConfiguration;
			baseConfigurationReference = F71083199EADA4A23E5164D2 /* Pods-JobsityChallenge.debug.xcconfig */;
			buildSettings = {
				ASSETCATALOG_COMPILER_APPICON_NAME = AppIcon;
				CODE_SIGN_STYLE = Automatic;
				DEVELOPMENT_TEAM = 9AM9Q2LU3N;
				INFOPLIST_FILE = JobsityChallenge/QA.plist;
				LD_RUNPATH_SEARCH_PATHS = (
					"$(inherited)",
					"@executable_path/Frameworks",
				);
				PRODUCT_BUNDLE_IDENTIFIER = com.rolibardobji.JobsityChallenge;
				PRODUCT_NAME = "$(TARGET_NAME)";
				SWIFT_VERSION = 5.0;
				TARGETED_DEVICE_FAMILY = "1,2";
			};
			name = "Debug (QA)";
		};
		9A207EC122743C3D00C22279 /* Debug (QA) */ = {
			isa = XCBuildConfiguration;
			baseConfigurationReference = 39E67334089C6BB5F33A13F4 /* Pods-JobsityChallengeTests.debug.xcconfig */;
			buildSettings = {
				ALWAYS_EMBED_SWIFT_STANDARD_LIBRARIES = YES;
				BUNDLE_LOADER = "$(TEST_HOST)";
				CODE_SIGN_STYLE = Automatic;
				DEVELOPMENT_TEAM = 9AM9Q2LU3N;
				INFOPLIST_FILE = JobsityChallenge/QA.plist;
				LD_RUNPATH_SEARCH_PATHS = (
					"$(inherited)",
					"@executable_path/Frameworks",
					"@loader_path/Frameworks",
				);
				PRODUCT_BUNDLE_IDENTIFIER = com.rolibardobji.JobsityChallengeTests;
				PRODUCT_NAME = "$(TARGET_NAME)";
				SWIFT_VERSION = 5.0;
				TARGETED_DEVICE_FAMILY = "1,2";
				TEST_HOST = "$(BUILT_PRODUCTS_DIR)/JobsityChallenge.app/JobsityChallenge";
			};
			name = "Debug (QA)";
		};
		9A207EC222743C3D00C22279 /* Debug (QA) */ = {
			isa = XCBuildConfiguration;
			baseConfigurationReference = 89ABB1656561F21D5A87ACD1 /* Pods-JobsityChallengeUITests.debug.xcconfig */;
			buildSettings = {
				ALWAYS_EMBED_SWIFT_STANDARD_LIBRARIES = YES;
				CODE_SIGN_STYLE = Automatic;
				DEVELOPMENT_TEAM = 9AM9Q2LU3N;
				INFOPLIST_FILE = JobsityChallenge/QA.plist;
				LD_RUNPATH_SEARCH_PATHS = (
					"$(inherited)",
					"@executable_path/Frameworks",
					"@loader_path/Frameworks",
				);
				PRODUCT_BUNDLE_IDENTIFIER = com.rolibardobji.JobsityChallengeUITests;
				PRODUCT_NAME = "$(TARGET_NAME)";
				SWIFT_VERSION = 5.0;
				TARGETED_DEVICE_FAMILY = "1,2";
				TEST_TARGET_NAME = JobsityChallenge;
			};
			name = "Debug (QA)";
		};
		9A207EC322743C3F00C22279 /* Debug (UAT) */ = {
			isa = XCBuildConfiguration;
			buildSettings = {
				ALWAYS_SEARCH_USER_PATHS = NO;
				CLANG_ANALYZER_NONNULL = YES;
				CLANG_ANALYZER_NUMBER_OBJECT_CONVERSION = YES_AGGRESSIVE;
				CLANG_CXX_LANGUAGE_STANDARD = "gnu++14";
				CLANG_CXX_LIBRARY = "libc++";
				CLANG_ENABLE_MODULES = YES;
				CLANG_ENABLE_OBJC_ARC = YES;
				CLANG_ENABLE_OBJC_WEAK = YES;
				CLANG_WARN_BLOCK_CAPTURE_AUTORELEASING = YES;
				CLANG_WARN_BOOL_CONVERSION = YES;
				CLANG_WARN_COMMA = YES;
				CLANG_WARN_CONSTANT_CONVERSION = YES;
				CLANG_WARN_DEPRECATED_OBJC_IMPLEMENTATIONS = YES;
				CLANG_WARN_DIRECT_OBJC_ISA_USAGE = YES_ERROR;
				CLANG_WARN_DOCUMENTATION_COMMENTS = YES;
				CLANG_WARN_EMPTY_BODY = YES;
				CLANG_WARN_ENUM_CONVERSION = YES;
				CLANG_WARN_INFINITE_RECURSION = YES;
				CLANG_WARN_INT_CONVERSION = YES;
				CLANG_WARN_NON_LITERAL_NULL_CONVERSION = YES;
				CLANG_WARN_OBJC_IMPLICIT_RETAIN_SELF = YES;
				CLANG_WARN_OBJC_LITERAL_CONVERSION = YES;
				CLANG_WARN_OBJC_ROOT_CLASS = YES_ERROR;
				CLANG_WARN_RANGE_LOOP_ANALYSIS = YES;
				CLANG_WARN_STRICT_PROTOTYPES = YES;
				CLANG_WARN_SUSPICIOUS_MOVE = YES;
				CLANG_WARN_UNGUARDED_AVAILABILITY = YES_AGGRESSIVE;
				CLANG_WARN_UNREACHABLE_CODE = YES;
				CLANG_WARN__DUPLICATE_METHOD_MATCH = YES;
				CODE_SIGN_IDENTITY = "iPhone Developer";
				COPY_PHASE_STRIP = NO;
				DEBUG_INFORMATION_FORMAT = dwarf;
				ENABLE_STRICT_OBJC_MSGSEND = YES;
				ENABLE_TESTABILITY = YES;
				GCC_C_LANGUAGE_STANDARD = gnu11;
				GCC_DYNAMIC_NO_PIC = NO;
				GCC_NO_COMMON_BLOCKS = YES;
				GCC_OPTIMIZATION_LEVEL = 0;
				GCC_PREPROCESSOR_DEFINITIONS = (
					"DEBUG=1",
					"$(inherited)",
				);
				GCC_WARN_64_TO_32_BIT_CONVERSION = YES;
				GCC_WARN_ABOUT_RETURN_TYPE = YES_ERROR;
				GCC_WARN_UNDECLARED_SELECTOR = YES;
				GCC_WARN_UNINITIALIZED_AUTOS = YES_AGGRESSIVE;
				GCC_WARN_UNUSED_FUNCTION = YES;
				GCC_WARN_UNUSED_VARIABLE = YES;
				IPHONEOS_DEPLOYMENT_TARGET = 12.2;
				MTL_ENABLE_DEBUG_INFO = INCLUDE_SOURCE;
				MTL_FAST_MATH = YES;
				ONLY_ACTIVE_ARCH = YES;
				SDKROOT = iphoneos;
				SWIFT_ACTIVE_COMPILATION_CONDITIONS = DEBUG;
				SWIFT_OPTIMIZATION_LEVEL = "-Onone";
			};
			name = "Debug (UAT)";
		};
		9A207EC422743C3F00C22279 /* Debug (UAT) */ = {
			isa = XCBuildConfiguration;
			baseConfigurationReference = F71083199EADA4A23E5164D2 /* Pods-JobsityChallenge.debug.xcconfig */;
			buildSettings = {
				ASSETCATALOG_COMPILER_APPICON_NAME = AppIcon;
				CODE_SIGN_STYLE = Automatic;
				DEVELOPMENT_TEAM = 9AM9Q2LU3N;
				INFOPLIST_FILE = JobsityChallenge/UAT.plist;
				LD_RUNPATH_SEARCH_PATHS = (
					"$(inherited)",
					"@executable_path/Frameworks",
				);
				PRODUCT_BUNDLE_IDENTIFIER = com.rolibardobji.JobsityChallenge;
				PRODUCT_NAME = "$(TARGET_NAME)";
				SWIFT_VERSION = 5.0;
				TARGETED_DEVICE_FAMILY = "1,2";
			};
			name = "Debug (UAT)";
		};
		9A207EC522743C3F00C22279 /* Debug (UAT) */ = {
			isa = XCBuildConfiguration;
			baseConfigurationReference = 39E67334089C6BB5F33A13F4 /* Pods-JobsityChallengeTests.debug.xcconfig */;
			buildSettings = {
				ALWAYS_EMBED_SWIFT_STANDARD_LIBRARIES = YES;
				BUNDLE_LOADER = "$(TEST_HOST)";
				CODE_SIGN_STYLE = Automatic;
				DEVELOPMENT_TEAM = 9AM9Q2LU3N;
				INFOPLIST_FILE = JobsityChallenge/UAT.plist;
				LD_RUNPATH_SEARCH_PATHS = (
					"$(inherited)",
					"@executable_path/Frameworks",
					"@loader_path/Frameworks",
				);
				PRODUCT_BUNDLE_IDENTIFIER = com.rolibardobji.JobsityChallengeTests;
				PRODUCT_NAME = "$(TARGET_NAME)";
				SWIFT_VERSION = 5.0;
				TARGETED_DEVICE_FAMILY = "1,2";
				TEST_HOST = "$(BUILT_PRODUCTS_DIR)/JobsityChallenge.app/JobsityChallenge";
			};
			name = "Debug (UAT)";
		};
		9A207EC622743C3F00C22279 /* Debug (UAT) */ = {
			isa = XCBuildConfiguration;
			baseConfigurationReference = 89ABB1656561F21D5A87ACD1 /* Pods-JobsityChallengeUITests.debug.xcconfig */;
			buildSettings = {
				ALWAYS_EMBED_SWIFT_STANDARD_LIBRARIES = YES;
				CODE_SIGN_STYLE = Automatic;
				DEVELOPMENT_TEAM = 9AM9Q2LU3N;
				INFOPLIST_FILE = JobsityChallenge/UAT.plist;
				LD_RUNPATH_SEARCH_PATHS = (
					"$(inherited)",
					"@executable_path/Frameworks",
					"@loader_path/Frameworks",
				);
				PRODUCT_BUNDLE_IDENTIFIER = com.rolibardobji.JobsityChallengeUITests;
				PRODUCT_NAME = "$(TARGET_NAME)";
				SWIFT_VERSION = 5.0;
				TARGETED_DEVICE_FAMILY = "1,2";
				TEST_TARGET_NAME = JobsityChallenge;
			};
			name = "Debug (UAT)";
		};
		9A207EC722743C7100C22279 /* Release (QA) */ = {
			isa = XCBuildConfiguration;
			buildSettings = {
				ALWAYS_SEARCH_USER_PATHS = NO;
				CLANG_ANALYZER_NONNULL = YES;
				CLANG_ANALYZER_NUMBER_OBJECT_CONVERSION = YES_AGGRESSIVE;
				CLANG_CXX_LANGUAGE_STANDARD = "gnu++14";
				CLANG_CXX_LIBRARY = "libc++";
				CLANG_ENABLE_MODULES = YES;
				CLANG_ENABLE_OBJC_ARC = YES;
				CLANG_ENABLE_OBJC_WEAK = YES;
				CLANG_WARN_BLOCK_CAPTURE_AUTORELEASING = YES;
				CLANG_WARN_BOOL_CONVERSION = YES;
				CLANG_WARN_COMMA = YES;
				CLANG_WARN_CONSTANT_CONVERSION = YES;
				CLANG_WARN_DEPRECATED_OBJC_IMPLEMENTATIONS = YES;
				CLANG_WARN_DIRECT_OBJC_ISA_USAGE = YES_ERROR;
				CLANG_WARN_DOCUMENTATION_COMMENTS = YES;
				CLANG_WARN_EMPTY_BODY = YES;
				CLANG_WARN_ENUM_CONVERSION = YES;
				CLANG_WARN_INFINITE_RECURSION = YES;
				CLANG_WARN_INT_CONVERSION = YES;
				CLANG_WARN_NON_LITERAL_NULL_CONVERSION = YES;
				CLANG_WARN_OBJC_IMPLICIT_RETAIN_SELF = YES;
				CLANG_WARN_OBJC_LITERAL_CONVERSION = YES;
				CLANG_WARN_OBJC_ROOT_CLASS = YES_ERROR;
				CLANG_WARN_RANGE_LOOP_ANALYSIS = YES;
				CLANG_WARN_STRICT_PROTOTYPES = YES;
				CLANG_WARN_SUSPICIOUS_MOVE = YES;
				CLANG_WARN_UNGUARDED_AVAILABILITY = YES_AGGRESSIVE;
				CLANG_WARN_UNREACHABLE_CODE = YES;
				CLANG_WARN__DUPLICATE_METHOD_MATCH = YES;
				CODE_SIGN_IDENTITY = "iPhone Developer";
				COPY_PHASE_STRIP = NO;
				DEBUG_INFORMATION_FORMAT = "dwarf-with-dsym";
				ENABLE_NS_ASSERTIONS = NO;
				ENABLE_STRICT_OBJC_MSGSEND = YES;
				GCC_C_LANGUAGE_STANDARD = gnu11;
				GCC_NO_COMMON_BLOCKS = YES;
				GCC_WARN_64_TO_32_BIT_CONVERSION = YES;
				GCC_WARN_ABOUT_RETURN_TYPE = YES_ERROR;
				GCC_WARN_UNDECLARED_SELECTOR = YES;
				GCC_WARN_UNINITIALIZED_AUTOS = YES_AGGRESSIVE;
				GCC_WARN_UNUSED_FUNCTION = YES;
				GCC_WARN_UNUSED_VARIABLE = YES;
				IPHONEOS_DEPLOYMENT_TARGET = 12.2;
				MTL_ENABLE_DEBUG_INFO = NO;
				MTL_FAST_MATH = YES;
				SDKROOT = iphoneos;
				SWIFT_COMPILATION_MODE = wholemodule;
				SWIFT_OPTIMIZATION_LEVEL = "-O";
				VALIDATE_PRODUCT = YES;
			};
			name = "Release (QA)";
		};
		9A207EC822743C7100C22279 /* Release (QA) */ = {
			isa = XCBuildConfiguration;
			baseConfigurationReference = 32CB9E227C1220601B800BD0 /* Pods-JobsityChallenge.release.xcconfig */;
			buildSettings = {
				ASSETCATALOG_COMPILER_APPICON_NAME = AppIcon;
				CODE_SIGN_STYLE = Automatic;
				DEVELOPMENT_TEAM = 9AM9Q2LU3N;
				INFOPLIST_FILE = JobsityChallenge/QA.plist;
				LD_RUNPATH_SEARCH_PATHS = (
					"$(inherited)",
					"@executable_path/Frameworks",
				);
				PRODUCT_BUNDLE_IDENTIFIER = com.rolibardobji.JobsityChallenge;
				PRODUCT_NAME = "$(TARGET_NAME)";
				SWIFT_VERSION = 5.0;
				TARGETED_DEVICE_FAMILY = "1,2";
			};
			name = "Release (QA)";
		};
		9A207EC922743C7100C22279 /* Release (QA) */ = {
			isa = XCBuildConfiguration;
			baseConfigurationReference = 8064F8994B98CE986FB9315C /* Pods-JobsityChallengeTests.release.xcconfig */;
			buildSettings = {
				ALWAYS_EMBED_SWIFT_STANDARD_LIBRARIES = YES;
				BUNDLE_LOADER = "$(TEST_HOST)";
				CODE_SIGN_STYLE = Automatic;
				DEVELOPMENT_TEAM = 9AM9Q2LU3N;
				INFOPLIST_FILE = JobsityChallenge/QA.plist;
				LD_RUNPATH_SEARCH_PATHS = (
					"$(inherited)",
					"@executable_path/Frameworks",
					"@loader_path/Frameworks",
				);
				PRODUCT_BUNDLE_IDENTIFIER = com.rolibardobji.JobsityChallengeTests;
				PRODUCT_NAME = "$(TARGET_NAME)";
				SWIFT_VERSION = 5.0;
				TARGETED_DEVICE_FAMILY = "1,2";
				TEST_HOST = "$(BUILT_PRODUCTS_DIR)/JobsityChallenge.app/JobsityChallenge";
			};
			name = "Release (QA)";
		};
		9A207ECA22743C7100C22279 /* Release (QA) */ = {
			isa = XCBuildConfiguration;
			baseConfigurationReference = AF95601084B05DBC7D760D1D /* Pods-JobsityChallengeUITests.release.xcconfig */;
			buildSettings = {
				ALWAYS_EMBED_SWIFT_STANDARD_LIBRARIES = YES;
				CODE_SIGN_STYLE = Automatic;
				DEVELOPMENT_TEAM = 9AM9Q2LU3N;
				INFOPLIST_FILE = JobsityChallenge/QA.plist;
				LD_RUNPATH_SEARCH_PATHS = (
					"$(inherited)",
					"@executable_path/Frameworks",
					"@loader_path/Frameworks",
				);
				PRODUCT_BUNDLE_IDENTIFIER = com.rolibardobji.JobsityChallengeUITests;
				PRODUCT_NAME = "$(TARGET_NAME)";
				SWIFT_VERSION = 5.0;
				TARGETED_DEVICE_FAMILY = "1,2";
				TEST_TARGET_NAME = JobsityChallenge;
			};
			name = "Release (QA)";
		};
		9A207ECB22743C7300C22279 /* Release (Beta) */ = {
			isa = XCBuildConfiguration;
			buildSettings = {
				ALWAYS_SEARCH_USER_PATHS = NO;
				CLANG_ANALYZER_NONNULL = YES;
				CLANG_ANALYZER_NUMBER_OBJECT_CONVERSION = YES_AGGRESSIVE;
				CLANG_CXX_LANGUAGE_STANDARD = "gnu++14";
				CLANG_CXX_LIBRARY = "libc++";
				CLANG_ENABLE_MODULES = YES;
				CLANG_ENABLE_OBJC_ARC = YES;
				CLANG_ENABLE_OBJC_WEAK = YES;
				CLANG_WARN_BLOCK_CAPTURE_AUTORELEASING = YES;
				CLANG_WARN_BOOL_CONVERSION = YES;
				CLANG_WARN_COMMA = YES;
				CLANG_WARN_CONSTANT_CONVERSION = YES;
				CLANG_WARN_DEPRECATED_OBJC_IMPLEMENTATIONS = YES;
				CLANG_WARN_DIRECT_OBJC_ISA_USAGE = YES_ERROR;
				CLANG_WARN_DOCUMENTATION_COMMENTS = YES;
				CLANG_WARN_EMPTY_BODY = YES;
				CLANG_WARN_ENUM_CONVERSION = YES;
				CLANG_WARN_INFINITE_RECURSION = YES;
				CLANG_WARN_INT_CONVERSION = YES;
				CLANG_WARN_NON_LITERAL_NULL_CONVERSION = YES;
				CLANG_WARN_OBJC_IMPLICIT_RETAIN_SELF = YES;
				CLANG_WARN_OBJC_LITERAL_CONVERSION = YES;
				CLANG_WARN_OBJC_ROOT_CLASS = YES_ERROR;
				CLANG_WARN_RANGE_LOOP_ANALYSIS = YES;
				CLANG_WARN_STRICT_PROTOTYPES = YES;
				CLANG_WARN_SUSPICIOUS_MOVE = YES;
				CLANG_WARN_UNGUARDED_AVAILABILITY = YES_AGGRESSIVE;
				CLANG_WARN_UNREACHABLE_CODE = YES;
				CLANG_WARN__DUPLICATE_METHOD_MATCH = YES;
				CODE_SIGN_IDENTITY = "iPhone Developer";
				COPY_PHASE_STRIP = NO;
				DEBUG_INFORMATION_FORMAT = "dwarf-with-dsym";
				ENABLE_NS_ASSERTIONS = NO;
				ENABLE_STRICT_OBJC_MSGSEND = YES;
				GCC_C_LANGUAGE_STANDARD = gnu11;
				GCC_NO_COMMON_BLOCKS = YES;
				GCC_WARN_64_TO_32_BIT_CONVERSION = YES;
				GCC_WARN_ABOUT_RETURN_TYPE = YES_ERROR;
				GCC_WARN_UNDECLARED_SELECTOR = YES;
				GCC_WARN_UNINITIALIZED_AUTOS = YES_AGGRESSIVE;
				GCC_WARN_UNUSED_FUNCTION = YES;
				GCC_WARN_UNUSED_VARIABLE = YES;
				IPHONEOS_DEPLOYMENT_TARGET = 12.2;
				MTL_ENABLE_DEBUG_INFO = NO;
				MTL_FAST_MATH = YES;
				SDKROOT = iphoneos;
				SWIFT_COMPILATION_MODE = wholemodule;
				SWIFT_OPTIMIZATION_LEVEL = "-O";
				VALIDATE_PRODUCT = YES;
			};
			name = "Release (Beta)";
		};
		9A207ECC22743C7300C22279 /* Release (Beta) */ = {
			isa = XCBuildConfiguration;
			baseConfigurationReference = 32CB9E227C1220601B800BD0 /* Pods-JobsityChallenge.release.xcconfig */;
			buildSettings = {
				ASSETCATALOG_COMPILER_APPICON_NAME = AppIcon;
				CODE_SIGN_STYLE = Automatic;
				DEVELOPMENT_TEAM = 9AM9Q2LU3N;
				INFOPLIST_FILE = JobsityChallenge/Beta.plist;
				LD_RUNPATH_SEARCH_PATHS = (
					"$(inherited)",
					"@executable_path/Frameworks",
				);
				PRODUCT_BUNDLE_IDENTIFIER = com.rolibardobji.JobsityChallenge;
				PRODUCT_NAME = "$(TARGET_NAME)";
				SWIFT_VERSION = 5.0;
				TARGETED_DEVICE_FAMILY = "1,2";
			};
			name = "Release (Beta)";
		};
		9A207ECD22743C7300C22279 /* Release (Beta) */ = {
			isa = XCBuildConfiguration;
			baseConfigurationReference = 8064F8994B98CE986FB9315C /* Pods-JobsityChallengeTests.release.xcconfig */;
			buildSettings = {
				ALWAYS_EMBED_SWIFT_STANDARD_LIBRARIES = YES;
				BUNDLE_LOADER = "$(TEST_HOST)";
				CODE_SIGN_STYLE = Automatic;
				DEVELOPMENT_TEAM = 9AM9Q2LU3N;
				INFOPLIST_FILE = JobsityChallenge/Beta.plist;
				LD_RUNPATH_SEARCH_PATHS = (
					"$(inherited)",
					"@executable_path/Frameworks",
					"@loader_path/Frameworks",
				);
				PRODUCT_BUNDLE_IDENTIFIER = com.rolibardobji.JobsityChallengeTests;
				PRODUCT_NAME = "$(TARGET_NAME)";
				SWIFT_VERSION = 5.0;
				TARGETED_DEVICE_FAMILY = "1,2";
				TEST_HOST = "$(BUILT_PRODUCTS_DIR)/JobsityChallenge.app/JobsityChallenge";
			};
			name = "Release (Beta)";
		};
		9A207ECE22743C7300C22279 /* Release (Beta) */ = {
			isa = XCBuildConfiguration;
			baseConfigurationReference = AF95601084B05DBC7D760D1D /* Pods-JobsityChallengeUITests.release.xcconfig */;
			buildSettings = {
				ALWAYS_EMBED_SWIFT_STANDARD_LIBRARIES = YES;
				CODE_SIGN_STYLE = Automatic;
				DEVELOPMENT_TEAM = 9AM9Q2LU3N;
				INFOPLIST_FILE = JobsityChallenge/Beta.plist;
				LD_RUNPATH_SEARCH_PATHS = (
					"$(inherited)",
					"@executable_path/Frameworks",
					"@loader_path/Frameworks",
				);
				PRODUCT_BUNDLE_IDENTIFIER = com.rolibardobji.JobsityChallengeUITests;
				PRODUCT_NAME = "$(TARGET_NAME)";
				SWIFT_VERSION = 5.0;
				TARGETED_DEVICE_FAMILY = "1,2";
				TEST_TARGET_NAME = JobsityChallenge;
			};
			name = "Release (Beta)";
		};
		9A207ECF22743C7600C22279 /* Release (Production) */ = {
			isa = XCBuildConfiguration;
			buildSettings = {
				ALWAYS_SEARCH_USER_PATHS = NO;
				CLANG_ANALYZER_NONNULL = YES;
				CLANG_ANALYZER_NUMBER_OBJECT_CONVERSION = YES_AGGRESSIVE;
				CLANG_CXX_LANGUAGE_STANDARD = "gnu++14";
				CLANG_CXX_LIBRARY = "libc++";
				CLANG_ENABLE_MODULES = YES;
				CLANG_ENABLE_OBJC_ARC = YES;
				CLANG_ENABLE_OBJC_WEAK = YES;
				CLANG_WARN_BLOCK_CAPTURE_AUTORELEASING = YES;
				CLANG_WARN_BOOL_CONVERSION = YES;
				CLANG_WARN_COMMA = YES;
				CLANG_WARN_CONSTANT_CONVERSION = YES;
				CLANG_WARN_DEPRECATED_OBJC_IMPLEMENTATIONS = YES;
				CLANG_WARN_DIRECT_OBJC_ISA_USAGE = YES_ERROR;
				CLANG_WARN_DOCUMENTATION_COMMENTS = YES;
				CLANG_WARN_EMPTY_BODY = YES;
				CLANG_WARN_ENUM_CONVERSION = YES;
				CLANG_WARN_INFINITE_RECURSION = YES;
				CLANG_WARN_INT_CONVERSION = YES;
				CLANG_WARN_NON_LITERAL_NULL_CONVERSION = YES;
				CLANG_WARN_OBJC_IMPLICIT_RETAIN_SELF = YES;
				CLANG_WARN_OBJC_LITERAL_CONVERSION = YES;
				CLANG_WARN_OBJC_ROOT_CLASS = YES_ERROR;
				CLANG_WARN_RANGE_LOOP_ANALYSIS = YES;
				CLANG_WARN_STRICT_PROTOTYPES = YES;
				CLANG_WARN_SUSPICIOUS_MOVE = YES;
				CLANG_WARN_UNGUARDED_AVAILABILITY = YES_AGGRESSIVE;
				CLANG_WARN_UNREACHABLE_CODE = YES;
				CLANG_WARN__DUPLICATE_METHOD_MATCH = YES;
				CODE_SIGN_IDENTITY = "iPhone Developer";
				COPY_PHASE_STRIP = NO;
				DEBUG_INFORMATION_FORMAT = "dwarf-with-dsym";
				ENABLE_NS_ASSERTIONS = NO;
				ENABLE_STRICT_OBJC_MSGSEND = YES;
				GCC_C_LANGUAGE_STANDARD = gnu11;
				GCC_NO_COMMON_BLOCKS = YES;
				GCC_WARN_64_TO_32_BIT_CONVERSION = YES;
				GCC_WARN_ABOUT_RETURN_TYPE = YES_ERROR;
				GCC_WARN_UNDECLARED_SELECTOR = YES;
				GCC_WARN_UNINITIALIZED_AUTOS = YES_AGGRESSIVE;
				GCC_WARN_UNUSED_FUNCTION = YES;
				GCC_WARN_UNUSED_VARIABLE = YES;
				IPHONEOS_DEPLOYMENT_TARGET = 12.2;
				MTL_ENABLE_DEBUG_INFO = NO;
				MTL_FAST_MATH = YES;
				SDKROOT = iphoneos;
				SWIFT_COMPILATION_MODE = wholemodule;
				SWIFT_OPTIMIZATION_LEVEL = "-O";
				VALIDATE_PRODUCT = YES;
			};
			name = "Release (Production)";
		};
		9A207ED022743C7600C22279 /* Release (Production) */ = {
			isa = XCBuildConfiguration;
			baseConfigurationReference = 32CB9E227C1220601B800BD0 /* Pods-JobsityChallenge.release.xcconfig */;
			buildSettings = {
				ASSETCATALOG_COMPILER_APPICON_NAME = AppIcon;
				CODE_SIGN_STYLE = Automatic;
				DEVELOPMENT_TEAM = 9AM9Q2LU3N;
				INFOPLIST_FILE = JobsityChallenge/Production.plist;
				LD_RUNPATH_SEARCH_PATHS = (
					"$(inherited)",
					"@executable_path/Frameworks",
				);
				PRODUCT_BUNDLE_IDENTIFIER = com.rolibardobji.JobsityChallenge;
				PRODUCT_NAME = "$(TARGET_NAME)";
				SWIFT_VERSION = 5.0;
				TARGETED_DEVICE_FAMILY = "1,2";
			};
			name = "Release (Production)";
		};
		9A207ED122743C7600C22279 /* Release (Production) */ = {
			isa = XCBuildConfiguration;
			baseConfigurationReference = 8064F8994B98CE986FB9315C /* Pods-JobsityChallengeTests.release.xcconfig */;
			buildSettings = {
				ALWAYS_EMBED_SWIFT_STANDARD_LIBRARIES = YES;
				BUNDLE_LOADER = "$(TEST_HOST)";
				CODE_SIGN_STYLE = Automatic;
				DEVELOPMENT_TEAM = 9AM9Q2LU3N;
				INFOPLIST_FILE = JobsityChallenge/Production.plist;
				LD_RUNPATH_SEARCH_PATHS = (
					"$(inherited)",
					"@executable_path/Frameworks",
					"@loader_path/Frameworks",
				);
				PRODUCT_BUNDLE_IDENTIFIER = com.rolibardobji.JobsityChallengeTests;
				PRODUCT_NAME = "$(TARGET_NAME)";
				SWIFT_VERSION = 5.0;
				TARGETED_DEVICE_FAMILY = "1,2";
				TEST_HOST = "$(BUILT_PRODUCTS_DIR)/JobsityChallenge.app/JobsityChallenge";
			};
			name = "Release (Production)";
		};
		9A207ED222743C7600C22279 /* Release (Production) */ = {
			isa = XCBuildConfiguration;
			baseConfigurationReference = AF95601084B05DBC7D760D1D /* Pods-JobsityChallengeUITests.release.xcconfig */;
			buildSettings = {
				ALWAYS_EMBED_SWIFT_STANDARD_LIBRARIES = YES;
				CODE_SIGN_STYLE = Automatic;
				DEVELOPMENT_TEAM = 9AM9Q2LU3N;
				INFOPLIST_FILE = JobsityChallenge/Production.plist;
				LD_RUNPATH_SEARCH_PATHS = (
					"$(inherited)",
					"@executable_path/Frameworks",
					"@loader_path/Frameworks",
				);
				PRODUCT_BUNDLE_IDENTIFIER = com.rolibardobji.JobsityChallengeUITests;
				PRODUCT_NAME = "$(TARGET_NAME)";
				SWIFT_VERSION = 5.0;
				TARGETED_DEVICE_FAMILY = "1,2";
				TEST_TARGET_NAME = JobsityChallenge;
			};
			name = "Release (Production)";
		};
		9A207ED322743C7B00C22279 /* Release (UAT) */ = {
			isa = XCBuildConfiguration;
			buildSettings = {
				ALWAYS_SEARCH_USER_PATHS = NO;
				CLANG_ANALYZER_NONNULL = YES;
				CLANG_ANALYZER_NUMBER_OBJECT_CONVERSION = YES_AGGRESSIVE;
				CLANG_CXX_LANGUAGE_STANDARD = "gnu++14";
				CLANG_CXX_LIBRARY = "libc++";
				CLANG_ENABLE_MODULES = YES;
				CLANG_ENABLE_OBJC_ARC = YES;
				CLANG_ENABLE_OBJC_WEAK = YES;
				CLANG_WARN_BLOCK_CAPTURE_AUTORELEASING = YES;
				CLANG_WARN_BOOL_CONVERSION = YES;
				CLANG_WARN_COMMA = YES;
				CLANG_WARN_CONSTANT_CONVERSION = YES;
				CLANG_WARN_DEPRECATED_OBJC_IMPLEMENTATIONS = YES;
				CLANG_WARN_DIRECT_OBJC_ISA_USAGE = YES_ERROR;
				CLANG_WARN_DOCUMENTATION_COMMENTS = YES;
				CLANG_WARN_EMPTY_BODY = YES;
				CLANG_WARN_ENUM_CONVERSION = YES;
				CLANG_WARN_INFINITE_RECURSION = YES;
				CLANG_WARN_INT_CONVERSION = YES;
				CLANG_WARN_NON_LITERAL_NULL_CONVERSION = YES;
				CLANG_WARN_OBJC_IMPLICIT_RETAIN_SELF = YES;
				CLANG_WARN_OBJC_LITERAL_CONVERSION = YES;
				CLANG_WARN_OBJC_ROOT_CLASS = YES_ERROR;
				CLANG_WARN_RANGE_LOOP_ANALYSIS = YES;
				CLANG_WARN_STRICT_PROTOTYPES = YES;
				CLANG_WARN_SUSPICIOUS_MOVE = YES;
				CLANG_WARN_UNGUARDED_AVAILABILITY = YES_AGGRESSIVE;
				CLANG_WARN_UNREACHABLE_CODE = YES;
				CLANG_WARN__DUPLICATE_METHOD_MATCH = YES;
				CODE_SIGN_IDENTITY = "iPhone Developer";
				COPY_PHASE_STRIP = NO;
				DEBUG_INFORMATION_FORMAT = "dwarf-with-dsym";
				ENABLE_NS_ASSERTIONS = NO;
				ENABLE_STRICT_OBJC_MSGSEND = YES;
				GCC_C_LANGUAGE_STANDARD = gnu11;
				GCC_NO_COMMON_BLOCKS = YES;
				GCC_WARN_64_TO_32_BIT_CONVERSION = YES;
				GCC_WARN_ABOUT_RETURN_TYPE = YES_ERROR;
				GCC_WARN_UNDECLARED_SELECTOR = YES;
				GCC_WARN_UNINITIALIZED_AUTOS = YES_AGGRESSIVE;
				GCC_WARN_UNUSED_FUNCTION = YES;
				GCC_WARN_UNUSED_VARIABLE = YES;
				IPHONEOS_DEPLOYMENT_TARGET = 12.2;
				MTL_ENABLE_DEBUG_INFO = NO;
				MTL_FAST_MATH = YES;
				SDKROOT = iphoneos;
				SWIFT_COMPILATION_MODE = wholemodule;
				SWIFT_OPTIMIZATION_LEVEL = "-O";
				VALIDATE_PRODUCT = YES;
			};
			name = "Release (UAT)";
		};
		9A207ED422743C7B00C22279 /* Release (UAT) */ = {
			isa = XCBuildConfiguration;
			baseConfigurationReference = 32CB9E227C1220601B800BD0 /* Pods-JobsityChallenge.release.xcconfig */;
			buildSettings = {
				ASSETCATALOG_COMPILER_APPICON_NAME = AppIcon;
				CODE_SIGN_STYLE = Automatic;
				DEVELOPMENT_TEAM = 9AM9Q2LU3N;
				INFOPLIST_FILE = JobsityChallenge/UAT.plist;
				LD_RUNPATH_SEARCH_PATHS = (
					"$(inherited)",
					"@executable_path/Frameworks",
				);
				PRODUCT_BUNDLE_IDENTIFIER = com.rolibardobji.JobsityChallenge;
				PRODUCT_NAME = "$(TARGET_NAME)";
				SWIFT_VERSION = 5.0;
				TARGETED_DEVICE_FAMILY = "1,2";
			};
			name = "Release (UAT)";
		};
		9A207ED522743C7B00C22279 /* Release (UAT) */ = {
			isa = XCBuildConfiguration;
			baseConfigurationReference = 8064F8994B98CE986FB9315C /* Pods-JobsityChallengeTests.release.xcconfig */;
			buildSettings = {
				ALWAYS_EMBED_SWIFT_STANDARD_LIBRARIES = YES;
				BUNDLE_LOADER = "$(TEST_HOST)";
				CODE_SIGN_STYLE = Automatic;
				DEVELOPMENT_TEAM = 9AM9Q2LU3N;
				INFOPLIST_FILE = JobsityChallenge/UAT.plist;
				LD_RUNPATH_SEARCH_PATHS = (
					"$(inherited)",
					"@executable_path/Frameworks",
					"@loader_path/Frameworks",
				);
				PRODUCT_BUNDLE_IDENTIFIER = com.rolibardobji.JobsityChallengeTests;
				PRODUCT_NAME = "$(TARGET_NAME)";
				SWIFT_VERSION = 5.0;
				TARGETED_DEVICE_FAMILY = "1,2";
				TEST_HOST = "$(BUILT_PRODUCTS_DIR)/JobsityChallenge.app/JobsityChallenge";
			};
			name = "Release (UAT)";
		};
		9A207ED622743C7B00C22279 /* Release (UAT) */ = {
			isa = XCBuildConfiguration;
			baseConfigurationReference = AF95601084B05DBC7D760D1D /* Pods-JobsityChallengeUITests.release.xcconfig */;
			buildSettings = {
				ALWAYS_EMBED_SWIFT_STANDARD_LIBRARIES = YES;
				CODE_SIGN_STYLE = Automatic;
				DEVELOPMENT_TEAM = 9AM9Q2LU3N;
				INFOPLIST_FILE = JobsityChallenge/UAT.plist;
				LD_RUNPATH_SEARCH_PATHS = (
					"$(inherited)",
					"@executable_path/Frameworks",
					"@loader_path/Frameworks",
				);
				PRODUCT_BUNDLE_IDENTIFIER = com.rolibardobji.JobsityChallengeUITests;
				PRODUCT_NAME = "$(TARGET_NAME)";
				SWIFT_VERSION = 5.0;
				TARGETED_DEVICE_FAMILY = "1,2";
				TEST_TARGET_NAME = JobsityChallenge;
			};
			name = "Release (UAT)";
		};
		9A4C64BB22724ED1002A6A74 /* Debug (Development) */ = {
			isa = XCBuildConfiguration;
			buildSettings = {
				ALWAYS_SEARCH_USER_PATHS = NO;
				CLANG_ANALYZER_NONNULL = YES;
				CLANG_ANALYZER_NUMBER_OBJECT_CONVERSION = YES_AGGRESSIVE;
				CLANG_CXX_LANGUAGE_STANDARD = "gnu++14";
				CLANG_CXX_LIBRARY = "libc++";
				CLANG_ENABLE_MODULES = YES;
				CLANG_ENABLE_OBJC_ARC = YES;
				CLANG_ENABLE_OBJC_WEAK = YES;
				CLANG_WARN_BLOCK_CAPTURE_AUTORELEASING = YES;
				CLANG_WARN_BOOL_CONVERSION = YES;
				CLANG_WARN_COMMA = YES;
				CLANG_WARN_CONSTANT_CONVERSION = YES;
				CLANG_WARN_DEPRECATED_OBJC_IMPLEMENTATIONS = YES;
				CLANG_WARN_DIRECT_OBJC_ISA_USAGE = YES_ERROR;
				CLANG_WARN_DOCUMENTATION_COMMENTS = YES;
				CLANG_WARN_EMPTY_BODY = YES;
				CLANG_WARN_ENUM_CONVERSION = YES;
				CLANG_WARN_INFINITE_RECURSION = YES;
				CLANG_WARN_INT_CONVERSION = YES;
				CLANG_WARN_NON_LITERAL_NULL_CONVERSION = YES;
				CLANG_WARN_OBJC_IMPLICIT_RETAIN_SELF = YES;
				CLANG_WARN_OBJC_LITERAL_CONVERSION = YES;
				CLANG_WARN_OBJC_ROOT_CLASS = YES_ERROR;
				CLANG_WARN_RANGE_LOOP_ANALYSIS = YES;
				CLANG_WARN_STRICT_PROTOTYPES = YES;
				CLANG_WARN_SUSPICIOUS_MOVE = YES;
				CLANG_WARN_UNGUARDED_AVAILABILITY = YES_AGGRESSIVE;
				CLANG_WARN_UNREACHABLE_CODE = YES;
				CLANG_WARN__DUPLICATE_METHOD_MATCH = YES;
				CODE_SIGN_IDENTITY = "iPhone Developer";
				COPY_PHASE_STRIP = NO;
				DEBUG_INFORMATION_FORMAT = dwarf;
				ENABLE_STRICT_OBJC_MSGSEND = YES;
				ENABLE_TESTABILITY = YES;
				GCC_C_LANGUAGE_STANDARD = gnu11;
				GCC_DYNAMIC_NO_PIC = NO;
				GCC_NO_COMMON_BLOCKS = YES;
				GCC_OPTIMIZATION_LEVEL = 0;
				GCC_PREPROCESSOR_DEFINITIONS = (
					"DEBUG=1",
					"$(inherited)",
				);
				GCC_WARN_64_TO_32_BIT_CONVERSION = YES;
				GCC_WARN_ABOUT_RETURN_TYPE = YES_ERROR;
				GCC_WARN_UNDECLARED_SELECTOR = YES;
				GCC_WARN_UNINITIALIZED_AUTOS = YES_AGGRESSIVE;
				GCC_WARN_UNUSED_FUNCTION = YES;
				GCC_WARN_UNUSED_VARIABLE = YES;
				IPHONEOS_DEPLOYMENT_TARGET = 12.2;
				MTL_ENABLE_DEBUG_INFO = INCLUDE_SOURCE;
				MTL_FAST_MATH = YES;
				ONLY_ACTIVE_ARCH = YES;
				SDKROOT = iphoneos;
				SWIFT_ACTIVE_COMPILATION_CONDITIONS = DEBUG;
				SWIFT_OPTIMIZATION_LEVEL = "-Onone";
			};
			name = "Debug (Development)";
		};
		9A4C64BC22724ED1002A6A74 /* Release (Development) */ = {
			isa = XCBuildConfiguration;
			buildSettings = {
				ALWAYS_SEARCH_USER_PATHS = NO;
				CLANG_ANALYZER_NONNULL = YES;
				CLANG_ANALYZER_NUMBER_OBJECT_CONVERSION = YES_AGGRESSIVE;
				CLANG_CXX_LANGUAGE_STANDARD = "gnu++14";
				CLANG_CXX_LIBRARY = "libc++";
				CLANG_ENABLE_MODULES = YES;
				CLANG_ENABLE_OBJC_ARC = YES;
				CLANG_ENABLE_OBJC_WEAK = YES;
				CLANG_WARN_BLOCK_CAPTURE_AUTORELEASING = YES;
				CLANG_WARN_BOOL_CONVERSION = YES;
				CLANG_WARN_COMMA = YES;
				CLANG_WARN_CONSTANT_CONVERSION = YES;
				CLANG_WARN_DEPRECATED_OBJC_IMPLEMENTATIONS = YES;
				CLANG_WARN_DIRECT_OBJC_ISA_USAGE = YES_ERROR;
				CLANG_WARN_DOCUMENTATION_COMMENTS = YES;
				CLANG_WARN_EMPTY_BODY = YES;
				CLANG_WARN_ENUM_CONVERSION = YES;
				CLANG_WARN_INFINITE_RECURSION = YES;
				CLANG_WARN_INT_CONVERSION = YES;
				CLANG_WARN_NON_LITERAL_NULL_CONVERSION = YES;
				CLANG_WARN_OBJC_IMPLICIT_RETAIN_SELF = YES;
				CLANG_WARN_OBJC_LITERAL_CONVERSION = YES;
				CLANG_WARN_OBJC_ROOT_CLASS = YES_ERROR;
				CLANG_WARN_RANGE_LOOP_ANALYSIS = YES;
				CLANG_WARN_STRICT_PROTOTYPES = YES;
				CLANG_WARN_SUSPICIOUS_MOVE = YES;
				CLANG_WARN_UNGUARDED_AVAILABILITY = YES_AGGRESSIVE;
				CLANG_WARN_UNREACHABLE_CODE = YES;
				CLANG_WARN__DUPLICATE_METHOD_MATCH = YES;
				CODE_SIGN_IDENTITY = "iPhone Developer";
				COPY_PHASE_STRIP = NO;
				DEBUG_INFORMATION_FORMAT = "dwarf-with-dsym";
				ENABLE_NS_ASSERTIONS = NO;
				ENABLE_STRICT_OBJC_MSGSEND = YES;
				GCC_C_LANGUAGE_STANDARD = gnu11;
				GCC_NO_COMMON_BLOCKS = YES;
				GCC_WARN_64_TO_32_BIT_CONVERSION = YES;
				GCC_WARN_ABOUT_RETURN_TYPE = YES_ERROR;
				GCC_WARN_UNDECLARED_SELECTOR = YES;
				GCC_WARN_UNINITIALIZED_AUTOS = YES_AGGRESSIVE;
				GCC_WARN_UNUSED_FUNCTION = YES;
				GCC_WARN_UNUSED_VARIABLE = YES;
				IPHONEOS_DEPLOYMENT_TARGET = 12.2;
				MTL_ENABLE_DEBUG_INFO = NO;
				MTL_FAST_MATH = YES;
				SDKROOT = iphoneos;
				SWIFT_COMPILATION_MODE = wholemodule;
				SWIFT_OPTIMIZATION_LEVEL = "-O";
				VALIDATE_PRODUCT = YES;
			};
			name = "Release (Development)";
		};
		9A4C64BE22724ED1002A6A74 /* Debug (Development) */ = {
			isa = XCBuildConfiguration;
			baseConfigurationReference = F71083199EADA4A23E5164D2 /* Pods-JobsityChallenge.debug.xcconfig */;
			buildSettings = {
				ASSETCATALOG_COMPILER_APPICON_NAME = AppIcon;
				CODE_SIGN_STYLE = Automatic;
				DEVELOPMENT_TEAM = 9AM9Q2LU3N;
				INFOPLIST_FILE = JobsityChallenge/Development.plist;
				LD_RUNPATH_SEARCH_PATHS = (
					"$(inherited)",
					"@executable_path/Frameworks",
				);
				PRODUCT_BUNDLE_IDENTIFIER = com.rolibardobji.JobsityChallenge;
				PRODUCT_NAME = "$(TARGET_NAME)";
				SWIFT_VERSION = 5.0;
				TARGETED_DEVICE_FAMILY = "1,2";
			};
			name = "Debug (Development)";
		};
		9A4C64BF22724ED1002A6A74 /* Release (Development) */ = {
			isa = XCBuildConfiguration;
			baseConfigurationReference = 32CB9E227C1220601B800BD0 /* Pods-JobsityChallenge.release.xcconfig */;
			buildSettings = {
				ASSETCATALOG_COMPILER_APPICON_NAME = AppIcon;
				CODE_SIGN_STYLE = Automatic;
				DEVELOPMENT_TEAM = 9AM9Q2LU3N;
				INFOPLIST_FILE = JobsityChallenge/Development.plist;
				LD_RUNPATH_SEARCH_PATHS = (
					"$(inherited)",
					"@executable_path/Frameworks",
				);
				PRODUCT_BUNDLE_IDENTIFIER = com.rolibardobji.JobsityChallenge;
				PRODUCT_NAME = "$(TARGET_NAME)";
				SWIFT_VERSION = 5.0;
				TARGETED_DEVICE_FAMILY = "1,2";
			};
			name = "Release (Development)";
		};
		9A4C64C122724ED1002A6A74 /* Debug (Development) */ = {
			isa = XCBuildConfiguration;
			baseConfigurationReference = 39E67334089C6BB5F33A13F4 /* Pods-JobsityChallengeTests.debug.xcconfig */;
			buildSettings = {
				ALWAYS_EMBED_SWIFT_STANDARD_LIBRARIES = YES;
				BUNDLE_LOADER = "$(TEST_HOST)";
				CODE_SIGN_STYLE = Automatic;
				DEVELOPMENT_TEAM = 9AM9Q2LU3N;
				INFOPLIST_FILE = JobsityChallenge/Development.plist;
				LD_RUNPATH_SEARCH_PATHS = (
					"$(inherited)",
					"@executable_path/Frameworks",
					"@loader_path/Frameworks",
				);
				PRODUCT_BUNDLE_IDENTIFIER = com.rolibardobji.JobsityChallengeTests;
				PRODUCT_NAME = "$(TARGET_NAME)";
				SWIFT_VERSION = 5.0;
				TARGETED_DEVICE_FAMILY = "1,2";
				TEST_HOST = "$(BUILT_PRODUCTS_DIR)/JobsityChallenge.app/JobsityChallenge";
			};
			name = "Debug (Development)";
		};
		9A4C64C222724ED1002A6A74 /* Release (Development) */ = {
			isa = XCBuildConfiguration;
			baseConfigurationReference = 8064F8994B98CE986FB9315C /* Pods-JobsityChallengeTests.release.xcconfig */;
			buildSettings = {
				ALWAYS_EMBED_SWIFT_STANDARD_LIBRARIES = YES;
				BUNDLE_LOADER = "$(TEST_HOST)";
				CODE_SIGN_STYLE = Automatic;
				DEVELOPMENT_TEAM = 9AM9Q2LU3N;
				INFOPLIST_FILE = JobsityChallenge/Development.plist;
				LD_RUNPATH_SEARCH_PATHS = (
					"$(inherited)",
					"@executable_path/Frameworks",
					"@loader_path/Frameworks",
				);
				PRODUCT_BUNDLE_IDENTIFIER = com.rolibardobji.JobsityChallengeTests;
				PRODUCT_NAME = "$(TARGET_NAME)";
				SWIFT_VERSION = 5.0;
				TARGETED_DEVICE_FAMILY = "1,2";
				TEST_HOST = "$(BUILT_PRODUCTS_DIR)/JobsityChallenge.app/JobsityChallenge";
			};
			name = "Release (Development)";
		};
		9A4C64C422724ED1002A6A74 /* Debug (Development) */ = {
			isa = XCBuildConfiguration;
			baseConfigurationReference = 89ABB1656561F21D5A87ACD1 /* Pods-JobsityChallengeUITests.debug.xcconfig */;
			buildSettings = {
				ALWAYS_EMBED_SWIFT_STANDARD_LIBRARIES = YES;
				CODE_SIGN_STYLE = Automatic;
				DEVELOPMENT_TEAM = 9AM9Q2LU3N;
				INFOPLIST_FILE = JobsityChallenge/Development.plist;
				LD_RUNPATH_SEARCH_PATHS = (
					"$(inherited)",
					"@executable_path/Frameworks",
					"@loader_path/Frameworks",
				);
				PRODUCT_BUNDLE_IDENTIFIER = com.rolibardobji.JobsityChallengeUITests;
				PRODUCT_NAME = "$(TARGET_NAME)";
				SWIFT_VERSION = 5.0;
				TARGETED_DEVICE_FAMILY = "1,2";
				TEST_TARGET_NAME = JobsityChallenge;
			};
			name = "Debug (Development)";
		};
		9A4C64C522724ED1002A6A74 /* Release (Development) */ = {
			isa = XCBuildConfiguration;
			baseConfigurationReference = AF95601084B05DBC7D760D1D /* Pods-JobsityChallengeUITests.release.xcconfig */;
			buildSettings = {
				ALWAYS_EMBED_SWIFT_STANDARD_LIBRARIES = YES;
				CODE_SIGN_STYLE = Automatic;
				DEVELOPMENT_TEAM = 9AM9Q2LU3N;
				INFOPLIST_FILE = JobsityChallenge/Development.plist;
				LD_RUNPATH_SEARCH_PATHS = (
					"$(inherited)",
					"@executable_path/Frameworks",
					"@loader_path/Frameworks",
				);
				PRODUCT_BUNDLE_IDENTIFIER = com.rolibardobji.JobsityChallengeUITests;
				PRODUCT_NAME = "$(TARGET_NAME)";
				SWIFT_VERSION = 5.0;
				TARGETED_DEVICE_FAMILY = "1,2";
				TEST_TARGET_NAME = JobsityChallenge;
			};
			name = "Release (Development)";
		};
/* End XCBuildConfiguration section */

/* Begin XCConfigurationList section */
		9A4C649022724ECF002A6A74 /* Build configuration list for PBXProject "JobsityChallenge" */ = {
			isa = XCConfigurationList;
			buildConfigurations = (
				9A4C64BB22724ED1002A6A74 /* Debug (Development) */,
				9A207EC322743C3F00C22279 /* Debug (UAT) */,
				9A207EBF22743C3D00C22279 /* Debug (QA) */,
				9A207EBB22743C3B00C22279 /* Debug (Beta) */,
				9A207EB722743C3800C22279 /* Debug (Production) */,
				9A4C64BC22724ED1002A6A74 /* Release (Development) */,
				9A207ED322743C7B00C22279 /* Release (UAT) */,
				9A207EC722743C7100C22279 /* Release (QA) */,
				9A207ECB22743C7300C22279 /* Release (Beta) */,
				9A207ECF22743C7600C22279 /* Release (Production) */,
			);
			defaultConfigurationIsVisible = 0;
			defaultConfigurationName = "Release (Development)";
		};
		9A4C64BD22724ED1002A6A74 /* Build configuration list for PBXNativeTarget "JobsityChallenge" */ = {
			isa = XCConfigurationList;
			buildConfigurations = (
				9A4C64BE22724ED1002A6A74 /* Debug (Development) */,
				9A207EC422743C3F00C22279 /* Debug (UAT) */,
				9A207EC022743C3D00C22279 /* Debug (QA) */,
				9A207EBC22743C3B00C22279 /* Debug (Beta) */,
				9A207EB822743C3800C22279 /* Debug (Production) */,
				9A4C64BF22724ED1002A6A74 /* Release (Development) */,
				9A207ED422743C7B00C22279 /* Release (UAT) */,
				9A207EC822743C7100C22279 /* Release (QA) */,
				9A207ECC22743C7300C22279 /* Release (Beta) */,
				9A207ED022743C7600C22279 /* Release (Production) */,
			);
			defaultConfigurationIsVisible = 0;
			defaultConfigurationName = "Release (Development)";
		};
		9A4C64C022724ED1002A6A74 /* Build configuration list for PBXNativeTarget "JobsityChallengeTests" */ = {
			isa = XCConfigurationList;
			buildConfigurations = (
				9A4C64C122724ED1002A6A74 /* Debug (Development) */,
				9A207EC522743C3F00C22279 /* Debug (UAT) */,
				9A207EC122743C3D00C22279 /* Debug (QA) */,
				9A207EBD22743C3B00C22279 /* Debug (Beta) */,
				9A207EB922743C3800C22279 /* Debug (Production) */,
				9A4C64C222724ED1002A6A74 /* Release (Development) */,
				9A207ED522743C7B00C22279 /* Release (UAT) */,
				9A207EC922743C7100C22279 /* Release (QA) */,
				9A207ECD22743C7300C22279 /* Release (Beta) */,
				9A207ED122743C7600C22279 /* Release (Production) */,
			);
			defaultConfigurationIsVisible = 0;
			defaultConfigurationName = "Release (Development)";
		};
		9A4C64C322724ED1002A6A74 /* Build configuration list for PBXNativeTarget "JobsityChallengeUITests" */ = {
			isa = XCConfigurationList;
			buildConfigurations = (
				9A4C64C422724ED1002A6A74 /* Debug (Development) */,
				9A207EC622743C3F00C22279 /* Debug (UAT) */,
				9A207EC222743C3D00C22279 /* Debug (QA) */,
				9A207EBE22743C3B00C22279 /* Debug (Beta) */,
				9A207EBA22743C3800C22279 /* Debug (Production) */,
				9A4C64C522724ED1002A6A74 /* Release (Development) */,
				9A207ED622743C7B00C22279 /* Release (UAT) */,
				9A207ECA22743C7100C22279 /* Release (QA) */,
				9A207ECE22743C7300C22279 /* Release (Beta) */,
				9A207ED222743C7600C22279 /* Release (Production) */,
			);
			defaultConfigurationIsVisible = 0;
			defaultConfigurationName = "Release (Development)";
		};
/* End XCConfigurationList section */
	};
	rootObject = 9A4C648D22724ECF002A6A74 /* Project object */;
}
